// !$*UTF8*$!
{
	archiveVersion = 1;
	classes = {
	};
	objectVersion = 46;
	objects = {

/* Begin PBXBuildFile section */
		074366AF17CAA2A7006225B1 /* bean_fake.png in Resources */ = {isa = PBXBuildFile; fileRef = 074366AE17CAA2A7006225B1 /* bean_fake.png */; };
		07ADBECB17C315A30083B3AF /* ICBeanCell.m in Sources */ = {isa = PBXBuildFile; fileRef = 07ADBECA17C315A30083B3AF /* ICBeanCell.m */; };
		07BEC1B517C7BDDF0076E03C /* ICPopButtonViewController.m in Sources */ = {isa = PBXBuildFile; fileRef = 07BEC1B417C7BDDF0076E03C /* ICPopButtonViewController.m */; };
		07BEC1C417C7C1740076E03C /* bg-addbutton-highlighted.png in Resources */ = {isa = PBXBuildFile; fileRef = 07BEC1BA17C7C1740076E03C /* bg-addbutton-highlighted.png */; };
		07BEC1C517C7C1740076E03C /* bg-addbutton-highlighted@2x.png in Resources */ = {isa = PBXBuildFile; fileRef = 07BEC1BB17C7C1740076E03C /* bg-addbutton-highlighted@2x.png */; };
		07BEC1C617C7C1740076E03C /* bg-addbutton.png in Resources */ = {isa = PBXBuildFile; fileRef = 07BEC1BC17C7C1740076E03C /* bg-addbutton.png */; };
		07BEC1C717C7C1740076E03C /* bg-addbutton@2x.png in Resources */ = {isa = PBXBuildFile; fileRef = 07BEC1BD17C7C1740076E03C /* bg-addbutton@2x.png */; };
		07BEC1C817C7C1740076E03C /* bg-menuitem-highlighted.png in Resources */ = {isa = PBXBuildFile; fileRef = 07BEC1BE17C7C1740076E03C /* bg-menuitem-highlighted.png */; };
		07BEC1C917C7C1740076E03C /* bg-menuitem-highlighted@2x.png in Resources */ = {isa = PBXBuildFile; fileRef = 07BEC1BF17C7C1740076E03C /* bg-menuitem-highlighted@2x.png */; };
		07BEC1CA17C7C1740076E03C /* bg-menuitem.png in Resources */ = {isa = PBXBuildFile; fileRef = 07BEC1C017C7C1740076E03C /* bg-menuitem.png */; };
		07BEC1CB17C7C1740076E03C /* bg-menuitem@2x.png in Resources */ = {isa = PBXBuildFile; fileRef = 07BEC1C117C7C1740076E03C /* bg-menuitem@2x.png */; };
		07BEC1CC17C7C1740076E03C /* icon-plus-highlighted.png in Resources */ = {isa = PBXBuildFile; fileRef = 07BEC1C217C7C1740076E03C /* icon-plus-highlighted.png */; };
		07BEC1CD17C7C1740076E03C /* icon-plus-highlighted@2x.png in Resources */ = {isa = PBXBuildFile; fileRef = 07BEC1C317C7C1740076E03C /* icon-plus-highlighted@2x.png */; };
		07BEC1D017C7C80B0076E03C /* ICPopButtonItem.m in Sources */ = {isa = PBXBuildFile; fileRef = 07BEC1CF17C7C80B0076E03C /* ICPopButtonItem.m */; };
		07E855EC17C2B347000CD833 /* ICBeanDetailView.m in Sources */ = {isa = PBXBuildFile; fileRef = 07E855EB17C2B347000CD833 /* ICBeanDetailView.m */; };
		07E855EF17C2B365000CD833 /* ICBeanDetailViewController.m in Sources */ = {isa = PBXBuildFile; fileRef = 07E855EE17C2B365000CD833 /* ICBeanDetailViewController.m */; };
		E76C68AA17C0282C002BBF3C /* bottom_bar_arrow_down@2x.png in Resources */ = {isa = PBXBuildFile; fileRef = E76C68A617C0282C002BBF3C /* bottom_bar_arrow_down@2x.png */; };
		E76C68AB17C0282C002BBF3C /* bottom_bar_arrow_down.png in Resources */ = {isa = PBXBuildFile; fileRef = E76C68A717C0282C002BBF3C /* bottom_bar_arrow_down.png */; };
		E76C68B917C03711002BBF3C /* bottom_bar_arrow_up.png in Resources */ = {isa = PBXBuildFile; fileRef = E76C68B717C03711002BBF3C /* bottom_bar_arrow_up.png */; };
		E76C68BA17C03711002BBF3C /* bottom_bar_arrow_up@2x.png in Resources */ = {isa = PBXBuildFile; fileRef = E76C68B817C03711002BBF3C /* bottom_bar_arrow_up@2x.png */; };
		E76C68C717C04D3C002BBF3C /* menu_favorite.png in Resources */ = {isa = PBXBuildFile; fileRef = E76C68C117C04D3B002BBF3C /* menu_favorite.png */; };
		E76C68C817C04D3C002BBF3C /* menu_setting.png in Resources */ = {isa = PBXBuildFile; fileRef = E76C68C217C04D3B002BBF3C /* menu_setting.png */; };
		E76C68C917C04D3C002BBF3C /* menu_bean.png in Resources */ = {isa = PBXBuildFile; fileRef = E76C68C317C04D3B002BBF3C /* menu_bean.png */; };
		E76C68CA17C04D3C002BBF3C /* menu_find.png in Resources */ = {isa = PBXBuildFile; fileRef = E76C68C417C04D3C002BBF3C /* menu_find.png */; };
		E76C68CB17C04D3C002BBF3C /* menu_culture.png in Resources */ = {isa = PBXBuildFile; fileRef = E76C68C517C04D3C002BBF3C /* menu_culture.png */; };
		E76C68CC17C04D3C002BBF3C /* menu_brew.png in Resources */ = {isa = PBXBuildFile; fileRef = E76C68C617C04D3C002BBF3C /* menu_brew.png */; };
		E76C68F017C0A8BF002BBF3C /* ICMenuButton.m in Sources */ = {isa = PBXBuildFile; fileRef = E76C68DA17C0A8BF002BBF3C /* ICMenuButton.m */; };
		E76C68F117C0A8BF002BBF3C /* ICScrollImageView.m in Sources */ = {isa = PBXBuildFile; fileRef = E76C68DC17C0A8BF002BBF3C /* ICScrollImageView.m */; };
		E76C68F217C0A8BF002BBF3C /* ICScrollPageView.m in Sources */ = {isa = PBXBuildFile; fileRef = E76C68DE17C0A8BF002BBF3C /* ICScrollPageView.m */; };
		E76C68F417C0A8BF002BBF3C /* ICBottomBarView.m in Sources */ = {isa = PBXBuildFile; fileRef = E76C68E917C0A8BF002BBF3C /* ICBottomBarView.m */; };
		E76C68F517C0A8BF002BBF3C /* ICMenuPanel.m in Sources */ = {isa = PBXBuildFile; fileRef = E76C68EB17C0A8BF002BBF3C /* ICMenuPanel.m */; };
		E76C68F617C0A8BF002BBF3C /* ICWelcomeView.m in Sources */ = {isa = PBXBuildFile; fileRef = E76C68EF17C0A8BF002BBF3C /* ICWelcomeView.m */; };
		E76C690217C0A8DF002BBF3C /* ICMainMediator.m in Sources */ = {isa = PBXBuildFile; fileRef = E76C68FD17C0A8DF002BBF3C /* ICMainMediator.m */; };
		E76C690317C0A8DF002BBF3C /* ICWelcomeViewController.m in Sources */ = {isa = PBXBuildFile; fileRef = E76C690117C0A8DF002BBF3C /* ICWelcomeViewController.m */; };
		E76C690617C0A916002BBF3C /* ICBeanView.m in Sources */ = {isa = PBXBuildFile; fileRef = E76C690517C0A916002BBF3C /* ICBeanView.m */; };
		E76C690917C0A94F002BBF3C /* ICBrewView.m in Sources */ = {isa = PBXBuildFile; fileRef = E76C690817C0A94F002BBF3C /* ICBrewView.m */; };
		E76C690C17C0A959002BBF3C /* ICCultureView.m in Sources */ = {isa = PBXBuildFile; fileRef = E76C690B17C0A959002BBF3C /* ICCultureView.m */; };
		E76C690F17C0A964002BBF3C /* ICFavoriteView.m in Sources */ = {isa = PBXBuildFile; fileRef = E76C690E17C0A964002BBF3C /* ICFavoriteView.m */; };
		E76C691217C0A970002BBF3C /* ICFindView.m in Sources */ = {isa = PBXBuildFile; fileRef = E76C691117C0A970002BBF3C /* ICFindView.m */; };
		E76C691517C0A980002BBF3C /* ICSettingView.m in Sources */ = {isa = PBXBuildFile; fileRef = E76C691417C0A980002BBF3C /* ICSettingView.m */; };
		E76C691817C0AB18002BBF3C /* ICBeanViewController.m in Sources */ = {isa = PBXBuildFile; fileRef = E76C691717C0AB18002BBF3C /* ICBeanViewController.m */; };
		E76C691B17C0AB57002BBF3C /* ICBrewViewController.m in Sources */ = {isa = PBXBuildFile; fileRef = E76C691A17C0AB57002BBF3C /* ICBrewViewController.m */; };
		E76C691E17C0AB6C002BBF3C /* ICCultureViewController.m in Sources */ = {isa = PBXBuildFile; fileRef = E76C691D17C0AB6C002BBF3C /* ICCultureViewController.m */; };
		E76C692117C0AB7B002BBF3C /* ICFavoriteViewController.m in Sources */ = {isa = PBXBuildFile; fileRef = E76C692017C0AB7B002BBF3C /* ICFavoriteViewController.m */; };
		E76C692417C0AB89002BBF3C /* ICFindViewController.m in Sources */ = {isa = PBXBuildFile; fileRef = E76C692317C0AB89002BBF3C /* ICFindViewController.m */; };
		E76C692717C0AB97002BBF3C /* ICSettingViewController.m in Sources */ = {isa = PBXBuildFile; fileRef = E76C692617C0AB97002BBF3C /* ICSettingViewController.m */; };
		E772C77417C3BBAC004F5EA1 /* AVFoundation.framework in Frameworks */ = {isa = PBXBuildFile; fileRef = E772C77317C3BBAC004F5EA1 /* AVFoundation.framework */; };
		E772C77617C3BBB7004F5EA1 /* CoreData.framework in Frameworks */ = {isa = PBXBuildFile; fileRef = E772C77517C3BBB7004F5EA1 /* CoreData.framework */; };
		E772C77817C3BBBB004F5EA1 /* CoreLocation.framework in Frameworks */ = {isa = PBXBuildFile; fileRef = E772C77717C3BBBB004F5EA1 /* CoreLocation.framework */; };
		E772C77A17C3BBC4004F5EA1 /* CoreText.framework in Frameworks */ = {isa = PBXBuildFile; fileRef = E772C77917C3BBC4004F5EA1 /* CoreText.framework */; };
		E772C77C17C3BBCB004F5EA1 /* GLKit.framework in Frameworks */ = {isa = PBXBuildFile; fileRef = E772C77B17C3BBCB004F5EA1 /* GLKit.framework */; };
		E772C77E17C3BBD4004F5EA1 /* ImageIO.framework in Frameworks */ = {isa = PBXBuildFile; fileRef = E772C77D17C3BBD4004F5EA1 /* ImageIO.framework */; };
		E772C78017C3BBE7004F5EA1 /* libc++.dylib in Frameworks */ = {isa = PBXBuildFile; fileRef = E772C77F17C3BBE7004F5EA1 /* libc++.dylib */; };
		E772C78217C3BBF4004F5EA1 /* libz.dylib in Frameworks */ = {isa = PBXBuildFile; fileRef = E772C78117C3BBF4004F5EA1 /* libz.dylib */; };
		E772C78417C3BC08004F5EA1 /* libicucore.dylib in Frameworks */ = {isa = PBXBuildFile; fileRef = E772C78317C3BC08004F5EA1 /* libicucore.dylib */; };
		E772C78617C3BC21004F5EA1 /* SystemConfiguration.framework in Frameworks */ = {isa = PBXBuildFile; fileRef = E772C78517C3BC21004F5EA1 /* SystemConfiguration.framework */; };
		E772C78817C3BC2B004F5EA1 /* OpenGLES.framework in Frameworks */ = {isa = PBXBuildFile; fileRef = E772C78717C3BC2B004F5EA1 /* OpenGLES.framework */; };
		E772C78A17C3BC35004F5EA1 /* QuartzCore.framework in Frameworks */ = {isa = PBXBuildFile; fileRef = E772C78917C3BC35004F5EA1 /* QuartzCore.framework */; };
		E772C78F17C3E962004F5EA1 /* GoogleMaps.bundle in Resources */ = {isa = PBXBuildFile; fileRef = E772C78E17C3E962004F5EA1 /* GoogleMaps.bundle */; };
		E78C516817C5CFAB00EA05EB /* MapKit.framework in Frameworks */ = {isa = PBXBuildFile; fileRef = E78C516717C5CFAB00EA05EB /* MapKit.framework */; };
		E794F70717BFE58900F729A1 /* welcomescroll_1.png in Resources */ = {isa = PBXBuildFile; fileRef = E794F70417BFE58900F729A1 /* welcomescroll_1.png */; };
		E794F70817BFE58900F729A1 /* welcomescroll_2.png in Resources */ = {isa = PBXBuildFile; fileRef = E794F70517BFE58900F729A1 /* welcomescroll_2.png */; };
		E794F70917BFE58900F729A1 /* welcomescroll_3.png in Resources */ = {isa = PBXBuildFile; fileRef = E794F70617BFE58900F729A1 /* welcomescroll_3.png */; };
		E7A2612D17C1A26300983DC4 /* ICHeaderBarView.m in Sources */ = {isa = PBXBuildFile; fileRef = E7A2612C17C1A26300983DC4 /* ICHeaderBarView.m */; };
		E7A2613417C1AAA800983DC4 /* icon_home.png in Resources */ = {isa = PBXBuildFile; fileRef = E7A2613217C1AAA800983DC4 /* icon_home.png */; };
		E7A2613517C1AAA800983DC4 /* icon_home@2x.png in Resources */ = {isa = PBXBuildFile; fileRef = E7A2613317C1AAA800983DC4 /* icon_home@2x.png */; };
		E7A2613717C1EAC100983DC4 /* iAd.framework in Frameworks */ = {isa = PBXBuildFile; fileRef = E7A2613617C1EAC100983DC4 /* iAd.framework */; };
		E7BF70D517CA6AA900D3D5C5 /* ICDataButton.m in Sources */ = {isa = PBXBuildFile; fileRef = E7BF70D417CA6AA900D3D5C5 /* ICDataButton.m */; };
		E7BF70E217CC749B00D3D5C5 /* Roboto-Bold.ttf in Resources */ = {isa = PBXBuildFile; fileRef = E7BF70DD17CC749B00D3D5C5 /* Roboto-Bold.ttf */; };
		E7BF70E317CC749B00D3D5C5 /* Roboto-Light.ttf in Resources */ = {isa = PBXBuildFile; fileRef = E7BF70DE17CC749B00D3D5C5 /* Roboto-Light.ttf */; };
		E7BF70E417CC749B00D3D5C5 /* Roboto-Medium.ttf in Resources */ = {isa = PBXBuildFile; fileRef = E7BF70DF17CC749B00D3D5C5 /* Roboto-Medium.ttf */; };
		E7BF70E517CC749B00D3D5C5 /* Roboto-Regular.ttf in Resources */ = {isa = PBXBuildFile; fileRef = E7BF70E017CC749B00D3D5C5 /* Roboto-Regular.ttf */; };
		E7BF70E617CC749B00D3D5C5 /* Roboto-Thin.ttf in Resources */ = {isa = PBXBuildFile; fileRef = E7BF70E117CC749B00D3D5C5 /* Roboto-Thin.ttf */; };
		E7BF70E917CC74A900D3D5C5 /* personalize_bar.png in Resources */ = {isa = PBXBuildFile; fileRef = E7BF70E717CC74A900D3D5C5 /* personalize_bar.png */; };
		E7BF70EA17CC74A900D3D5C5 /* personalize_bar@2x.png in Resources */ = {isa = PBXBuildFile; fileRef = E7BF70E817CC74A900D3D5C5 /* personalize_bar@2x.png */; };
		E7BF70F017CC86FC00D3D5C5 /* nav_back.png in Resources */ = {isa = PBXBuildFile; fileRef = E7BF70EE17CC86FC00D3D5C5 /* nav_back.png */; };
		E7BF70F117CC86FC00D3D5C5 /* nav_back@2x.png in Resources */ = {isa = PBXBuildFile; fileRef = E7BF70EF17CC86FC00D3D5C5 /* nav_back@2x.png */; };
		E7C268DC17C72468001347C1 /* ICMapPlaceEntity.m in Sources */ = {isa = PBXBuildFile; fileRef = E7C268DB17C72468001347C1 /* ICMapPlaceEntity.m */; };
		E7C268DF17C724FC001347C1 /* ICMapPlaceEntityMapper.m in Sources */ = {isa = PBXBuildFile; fileRef = E7C268DE17C724FC001347C1 /* ICMapPlaceEntityMapper.m */; };
		E7DAB34C17AF203B00D575B7 /* UIKit.framework in Frameworks */ = {isa = PBXBuildFile; fileRef = E7DAB34B17AF203B00D575B7 /* UIKit.framework */; };
		E7DAB34E17AF203B00D575B7 /* Foundation.framework in Frameworks */ = {isa = PBXBuildFile; fileRef = E7DAB34D17AF203B00D575B7 /* Foundation.framework */; };
		E7DAB35017AF203B00D575B7 /* CoreGraphics.framework in Frameworks */ = {isa = PBXBuildFile; fileRef = E7DAB34F17AF203B00D575B7 /* CoreGraphics.framework */; };
		E7DAB3A617AF248400D575B7 /* ICAppDelegate.m in Sources */ = {isa = PBXBuildFile; fileRef = E7DAB39A17AF248400D575B7 /* ICAppDelegate.m */; };
		E7DAB3BB17AF25FF00D575B7 /* Default-568h@2x.png in Resources */ = {isa = PBXBuildFile; fileRef = E7DAB3B317AF25FF00D575B7 /* Default-568h@2x.png */; };
		E7DAB3BC17AF25FF00D575B7 /* Default.png in Resources */ = {isa = PBXBuildFile; fileRef = E7DAB3B417AF25FF00D575B7 /* Default.png */; };
		E7DAB3BD17AF25FF00D575B7 /* Default@2x.png in Resources */ = {isa = PBXBuildFile; fileRef = E7DAB3B517AF25FF00D575B7 /* Default@2x.png */; };
		E7DAB3BE17AF25FF00D575B7 /* InfoPlist.strings in Resources */ = {isa = PBXBuildFile; fileRef = E7DAB3B617AF25FF00D575B7 /* InfoPlist.strings */; };
		E7DAB3C017AF25FF00D575B7 /* main.m in Sources */ = {isa = PBXBuildFile; fileRef = E7DAB3BA17AF25FF00D575B7 /* main.m */; };
		E7DAB3C917AF28AA00D575B7 /* libiCoffeeLibrary.a in Frameworks */ = {isa = PBXBuildFile; fileRef = E7DAB3C817AF28AA00D575B7 /* libiCoffeeLibrary.a */; };
		E7E6135717C88DE2009B0462 /* button_my_location@2x.png in Resources */ = {isa = PBXBuildFile; fileRef = E7E6135517C88DE2009B0462 /* button_my_location@2x.png */; };
		E7E6135817C88DE2009B0462 /* button_my_location.png in Resources */ = {isa = PBXBuildFile; fileRef = E7E6135617C88DE2009B0462 /* button_my_location.png */; };
		E7E6135B17C88DE8009B0462 /* button_my_location_pressed@2x.png in Resources */ = {isa = PBXBuildFile; fileRef = E7E6135917C88DE8009B0462 /* button_my_location_pressed@2x.png */; };
		E7E6135C17C88DE8009B0462 /* button_my_location_pressed.png in Resources */ = {isa = PBXBuildFile; fileRef = E7E6135A17C88DE8009B0462 /* button_my_location_pressed.png */; };
		E7E6135F17C8931F009B0462 /* button_menu_setting@2x.png in Resources */ = {isa = PBXBuildFile; fileRef = E7E6135D17C8931F009B0462 /* button_menu_setting@2x.png */; };
		E7E6136017C8931F009B0462 /* button_menu_setting.png in Resources */ = {isa = PBXBuildFile; fileRef = E7E6135E17C8931F009B0462 /* button_menu_setting.png */; };
		E7E6136217C964C0009B0462 /* coffee_category.json in Resources */ = {isa = PBXBuildFile; fileRef = E7E6136117C964C0009B0462 /* coffee_category.json */; };
		E7E6136517C964D8009B0462 /* ICBeanEntity.m in Sources */ = {isa = PBXBuildFile; fileRef = E7E6136417C964D8009B0462 /* ICBeanEntity.m */; };
		E7E6136817C964E8009B0462 /* ICBeanEntityMapper.m in Sources */ = {isa = PBXBuildFile; fileRef = E7E6136717C964E8009B0462 /* ICBeanEntityMapper.m */; };
		E7E6136B17C98C03009B0462 /* ICFindBackView.m in Sources */ = {isa = PBXBuildFile; fileRef = E7E6136A17C98C03009B0462 /* ICFindBackView.m */; };
		E7E6136D17C98CE2009B0462 /* findback.json in Resources */ = {isa = PBXBuildFile; fileRef = E7E6136C17C98CE2009B0462 /* findback.json */; };
		E7E6137517C996D9009B0462 /* ICCellFactory.m in Sources */ = {isa = PBXBuildFile; fileRef = E7E6137417C996D9009B0462 /* ICCellFactory.m */; };
		E7E6137C17C9A7CD009B0462 /* find_background.png in Resources */ = {isa = PBXBuildFile; fileRef = E7E6137B17C9A7CD009B0462 /* find_background.png */; };
		E7E6137F17C9B7C9009B0462 /* ICSwitchBarView.m in Sources */ = {isa = PBXBuildFile; fileRef = E7E6137E17C9B7C8009B0462 /* ICSwitchBarView.m */; };
		E7E6138617C9D51A009B0462 /* find_icon_restaurant@2x.png in Resources */ = {isa = PBXBuildFile; fileRef = E7E6138017C9D51A009B0462 /* find_icon_restaurant@2x.png */; };
		E7E6138717C9D51A009B0462 /* find_icon_miss.png in Resources */ = {isa = PBXBuildFile; fileRef = E7E6138117C9D51A009B0462 /* find_icon_miss.png */; };
		E7E6138817C9D51A009B0462 /* find_icon_miss@2x.png in Resources */ = {isa = PBXBuildFile; fileRef = E7E6138217C9D51A009B0462 /* find_icon_miss@2x.png */; };
		E7E6138917C9D51A009B0462 /* find_icon_cafe.png in Resources */ = {isa = PBXBuildFile; fileRef = E7E6138317C9D51A009B0462 /* find_icon_cafe.png */; };
		E7E6138A17C9D51A009B0462 /* find_icon_cafe@2x.png in Resources */ = {isa = PBXBuildFile; fileRef = E7E6138417C9D51A009B0462 /* find_icon_cafe@2x.png */; };
		E7E6138B17C9D51A009B0462 /* find_icon_restaurant.png in Resources */ = {isa = PBXBuildFile; fileRef = E7E6138517C9D51A009B0462 /* find_icon_restaurant.png */; };
		E7E6139717CA5D80009B0462 /* find_direction_active.png in Resources */ = {isa = PBXBuildFile; fileRef = E7E6139317CA5D7F009B0462 /* find_direction_active.png */; };
		E7E6139817CA5D80009B0462 /* find_direction_inactive.png in Resources */ = {isa = PBXBuildFile; fileRef = E7E6139417CA5D7F009B0462 /* find_direction_inactive.png */; };
		E7E6139917CA5D80009B0462 /* find_direction_active@2x.png in Resources */ = {isa = PBXBuildFile; fileRef = E7E6139517CA5D80009B0462 /* find_direction_active@2x.png */; };
		E7E6139A17CA5D80009B0462 /* find_direction_inactive@2x.png in Resources */ = {isa = PBXBuildFile; fileRef = E7E6139617CA5D80009B0462 /* find_direction_inactive@2x.png */; };
		E7E613A017CA6444009B0462 /* SDWebImage.framework in Frameworks */ = {isa = PBXBuildFile; fileRef = E7E6139F17CA6444009B0462 /* SDWebImage.framework */; };
/* End PBXBuildFile section */

/* Begin PBXFileReference section */
		074366AE17CAA2A7006225B1 /* bean_fake.png */ = {isa = PBXFileReference; lastKnownFileType = image.png; path = bean_fake.png; sourceTree = "<group>"; };
		07ADBEC917C315A30083B3AF /* ICBeanCell.h */ = {isa = PBXFileReference; fileEncoding = 4; lastKnownFileType = sourcecode.c.h; path = ICBeanCell.h; sourceTree = "<group>"; };
		07ADBECA17C315A30083B3AF /* ICBeanCell.m */ = {isa = PBXFileReference; fileEncoding = 4; lastKnownFileType = sourcecode.c.objc; path = ICBeanCell.m; sourceTree = "<group>"; };
		07BEC1B317C7BDDF0076E03C /* ICPopButtonViewController.h */ = {isa = PBXFileReference; fileEncoding = 4; lastKnownFileType = sourcecode.c.h; path = ICPopButtonViewController.h; sourceTree = "<group>"; };
		07BEC1B417C7BDDF0076E03C /* ICPopButtonViewController.m */ = {isa = PBXFileReference; fileEncoding = 4; lastKnownFileType = sourcecode.c.objc; path = ICPopButtonViewController.m; sourceTree = "<group>"; };
		07BEC1BA17C7C1740076E03C /* bg-addbutton-highlighted.png */ = {isa = PBXFileReference; lastKnownFileType = image.png; path = "bg-addbutton-highlighted.png"; sourceTree = "<group>"; };
		07BEC1BB17C7C1740076E03C /* bg-addbutton-highlighted@2x.png */ = {isa = PBXFileReference; lastKnownFileType = image.png; path = "bg-addbutton-highlighted@2x.png"; sourceTree = "<group>"; };
		07BEC1BC17C7C1740076E03C /* bg-addbutton.png */ = {isa = PBXFileReference; lastKnownFileType = image.png; path = "bg-addbutton.png"; sourceTree = "<group>"; };
		07BEC1BD17C7C1740076E03C /* bg-addbutton@2x.png */ = {isa = PBXFileReference; lastKnownFileType = image.png; path = "bg-addbutton@2x.png"; sourceTree = "<group>"; };
		07BEC1BE17C7C1740076E03C /* bg-menuitem-highlighted.png */ = {isa = PBXFileReference; lastKnownFileType = image.png; path = "bg-menuitem-highlighted.png"; sourceTree = "<group>"; };
		07BEC1BF17C7C1740076E03C /* bg-menuitem-highlighted@2x.png */ = {isa = PBXFileReference; lastKnownFileType = image.png; path = "bg-menuitem-highlighted@2x.png"; sourceTree = "<group>"; };
		07BEC1C017C7C1740076E03C /* bg-menuitem.png */ = {isa = PBXFileReference; lastKnownFileType = image.png; path = "bg-menuitem.png"; sourceTree = "<group>"; };
		07BEC1C117C7C1740076E03C /* bg-menuitem@2x.png */ = {isa = PBXFileReference; lastKnownFileType = image.png; path = "bg-menuitem@2x.png"; sourceTree = "<group>"; };
		07BEC1C217C7C1740076E03C /* icon-plus-highlighted.png */ = {isa = PBXFileReference; lastKnownFileType = image.png; path = "icon-plus-highlighted.png"; sourceTree = "<group>"; };
		07BEC1C317C7C1740076E03C /* icon-plus-highlighted@2x.png */ = {isa = PBXFileReference; lastKnownFileType = image.png; path = "icon-plus-highlighted@2x.png"; sourceTree = "<group>"; };
		07BEC1CE17C7C80B0076E03C /* ICPopButtonItem.h */ = {isa = PBXFileReference; fileEncoding = 4; lastKnownFileType = sourcecode.c.h; path = ICPopButtonItem.h; sourceTree = "<group>"; };
		07BEC1CF17C7C80B0076E03C /* ICPopButtonItem.m */ = {isa = PBXFileReference; fileEncoding = 4; lastKnownFileType = sourcecode.c.objc; path = ICPopButtonItem.m; sourceTree = "<group>"; };
		07E855EA17C2B347000CD833 /* ICBeanDetailView.h */ = {isa = PBXFileReference; fileEncoding = 4; lastKnownFileType = sourcecode.c.h; path = ICBeanDetailView.h; sourceTree = "<group>"; };
		07E855EB17C2B347000CD833 /* ICBeanDetailView.m */ = {isa = PBXFileReference; fileEncoding = 4; lastKnownFileType = sourcecode.c.objc; path = ICBeanDetailView.m; sourceTree = "<group>"; };
		07E855ED17C2B365000CD833 /* ICBeanDetailViewController.h */ = {isa = PBXFileReference; fileEncoding = 4; lastKnownFileType = sourcecode.c.h; path = ICBeanDetailViewController.h; sourceTree = "<group>"; };
		07E855EE17C2B365000CD833 /* ICBeanDetailViewController.m */ = {isa = PBXFileReference; fileEncoding = 4; lastKnownFileType = sourcecode.c.objc; path = ICBeanDetailViewController.m; sourceTree = "<group>"; };
		E76C68A617C0282C002BBF3C /* bottom_bar_arrow_down@2x.png */ = {isa = PBXFileReference; lastKnownFileType = image.png; path = "bottom_bar_arrow_down@2x.png"; sourceTree = "<group>"; };
		E76C68A717C0282C002BBF3C /* bottom_bar_arrow_down.png */ = {isa = PBXFileReference; lastKnownFileType = image.png; path = bottom_bar_arrow_down.png; sourceTree = "<group>"; };
		E76C68B717C03711002BBF3C /* bottom_bar_arrow_up.png */ = {isa = PBXFileReference; lastKnownFileType = image.png; path = bottom_bar_arrow_up.png; sourceTree = "<group>"; };
		E76C68B817C03711002BBF3C /* bottom_bar_arrow_up@2x.png */ = {isa = PBXFileReference; lastKnownFileType = image.png; path = "bottom_bar_arrow_up@2x.png"; sourceTree = "<group>"; };
		E76C68C117C04D3B002BBF3C /* menu_favorite.png */ = {isa = PBXFileReference; lastKnownFileType = image.png; path = menu_favorite.png; sourceTree = "<group>"; };
		E76C68C217C04D3B002BBF3C /* menu_setting.png */ = {isa = PBXFileReference; lastKnownFileType = image.png; path = menu_setting.png; sourceTree = "<group>"; };
		E76C68C317C04D3B002BBF3C /* menu_bean.png */ = {isa = PBXFileReference; lastKnownFileType = image.png; path = menu_bean.png; sourceTree = "<group>"; };
		E76C68C417C04D3C002BBF3C /* menu_find.png */ = {isa = PBXFileReference; lastKnownFileType = image.png; path = menu_find.png; sourceTree = "<group>"; };
		E76C68C517C04D3C002BBF3C /* menu_culture.png */ = {isa = PBXFileReference; lastKnownFileType = image.png; path = menu_culture.png; sourceTree = "<group>"; };
		E76C68C617C04D3C002BBF3C /* menu_brew.png */ = {isa = PBXFileReference; lastKnownFileType = image.png; path = menu_brew.png; sourceTree = "<group>"; };
		E76C68D917C0A8BF002BBF3C /* ICMenuButton.h */ = {isa = PBXFileReference; fileEncoding = 4; lastKnownFileType = sourcecode.c.h; path = ICMenuButton.h; sourceTree = "<group>"; };
		E76C68DA17C0A8BF002BBF3C /* ICMenuButton.m */ = {isa = PBXFileReference; fileEncoding = 4; lastKnownFileType = sourcecode.c.objc; path = ICMenuButton.m; sourceTree = "<group>"; };
		E76C68DB17C0A8BF002BBF3C /* ICScrollImageView.h */ = {isa = PBXFileReference; fileEncoding = 4; lastKnownFileType = sourcecode.c.h; path = ICScrollImageView.h; sourceTree = "<group>"; };
		E76C68DC17C0A8BF002BBF3C /* ICScrollImageView.m */ = {isa = PBXFileReference; fileEncoding = 4; lastKnownFileType = sourcecode.c.objc; path = ICScrollImageView.m; sourceTree = "<group>"; };
		E76C68DD17C0A8BF002BBF3C /* ICScrollPageView.h */ = {isa = PBXFileReference; fileEncoding = 4; lastKnownFileType = sourcecode.c.h; path = ICScrollPageView.h; sourceTree = "<group>"; };
		E76C68DE17C0A8BF002BBF3C /* ICScrollPageView.m */ = {isa = PBXFileReference; fileEncoding = 4; lastKnownFileType = sourcecode.c.objc; path = ICScrollPageView.m; sourceTree = "<group>"; };
		E76C68DF17C0A8BF002BBF3C /* ICScrollViewDatasource.h */ = {isa = PBXFileReference; fileEncoding = 4; lastKnownFileType = sourcecode.c.h; path = ICScrollViewDatasource.h; sourceTree = "<group>"; };
		E76C68E817C0A8BF002BBF3C /* ICBottomBarView.h */ = {isa = PBXFileReference; fileEncoding = 4; lastKnownFileType = sourcecode.c.h; path = ICBottomBarView.h; sourceTree = "<group>"; };
		E76C68E917C0A8BF002BBF3C /* ICBottomBarView.m */ = {isa = PBXFileReference; fileEncoding = 4; lastKnownFileType = sourcecode.c.objc; path = ICBottomBarView.m; sourceTree = "<group>"; };
		E76C68EA17C0A8BF002BBF3C /* ICMenuPanel.h */ = {isa = PBXFileReference; fileEncoding = 4; lastKnownFileType = sourcecode.c.h; path = ICMenuPanel.h; sourceTree = "<group>"; };
		E76C68EB17C0A8BF002BBF3C /* ICMenuPanel.m */ = {isa = PBXFileReference; fileEncoding = 4; lastKnownFileType = sourcecode.c.objc; path = ICMenuPanel.m; sourceTree = "<group>"; };
		E76C68EE17C0A8BF002BBF3C /* ICWelcomeView.h */ = {isa = PBXFileReference; fileEncoding = 4; lastKnownFileType = sourcecode.c.h; path = ICWelcomeView.h; sourceTree = "<group>"; };
		E76C68EF17C0A8BF002BBF3C /* ICWelcomeView.m */ = {isa = PBXFileReference; fileEncoding = 4; lastKnownFileType = sourcecode.c.objc; path = ICWelcomeView.m; sourceTree = "<group>"; };
		E76C68FC17C0A8DF002BBF3C /* ICMainMediator.h */ = {isa = PBXFileReference; fileEncoding = 4; lastKnownFileType = sourcecode.c.h; path = ICMainMediator.h; sourceTree = "<group>"; };
		E76C68FD17C0A8DF002BBF3C /* ICMainMediator.m */ = {isa = PBXFileReference; fileEncoding = 4; lastKnownFileType = sourcecode.c.objc; path = ICMainMediator.m; sourceTree = "<group>"; };
		E76C690017C0A8DF002BBF3C /* ICWelcomeViewController.h */ = {isa = PBXFileReference; fileEncoding = 4; lastKnownFileType = sourcecode.c.h; path = ICWelcomeViewController.h; sourceTree = "<group>"; };
		E76C690117C0A8DF002BBF3C /* ICWelcomeViewController.m */ = {isa = PBXFileReference; fileEncoding = 4; lastKnownFileType = sourcecode.c.objc; path = ICWelcomeViewController.m; sourceTree = "<group>"; };
		E76C690417C0A916002BBF3C /* ICBeanView.h */ = {isa = PBXFileReference; fileEncoding = 4; lastKnownFileType = sourcecode.c.h; path = ICBeanView.h; sourceTree = "<group>"; };
		E76C690517C0A916002BBF3C /* ICBeanView.m */ = {isa = PBXFileReference; fileEncoding = 4; lastKnownFileType = sourcecode.c.objc; path = ICBeanView.m; sourceTree = "<group>"; };
		E76C690717C0A94F002BBF3C /* ICBrewView.h */ = {isa = PBXFileReference; fileEncoding = 4; lastKnownFileType = sourcecode.c.h; path = ICBrewView.h; sourceTree = "<group>"; };
		E76C690817C0A94F002BBF3C /* ICBrewView.m */ = {isa = PBXFileReference; fileEncoding = 4; lastKnownFileType = sourcecode.c.objc; path = ICBrewView.m; sourceTree = "<group>"; };
		E76C690A17C0A959002BBF3C /* ICCultureView.h */ = {isa = PBXFileReference; fileEncoding = 4; lastKnownFileType = sourcecode.c.h; path = ICCultureView.h; sourceTree = "<group>"; };
		E76C690B17C0A959002BBF3C /* ICCultureView.m */ = {isa = PBXFileReference; fileEncoding = 4; lastKnownFileType = sourcecode.c.objc; path = ICCultureView.m; sourceTree = "<group>"; };
		E76C690D17C0A964002BBF3C /* ICFavoriteView.h */ = {isa = PBXFileReference; fileEncoding = 4; lastKnownFileType = sourcecode.c.h; path = ICFavoriteView.h; sourceTree = "<group>"; };
		E76C690E17C0A964002BBF3C /* ICFavoriteView.m */ = {isa = PBXFileReference; fileEncoding = 4; lastKnownFileType = sourcecode.c.objc; path = ICFavoriteView.m; sourceTree = "<group>"; };
		E76C691017C0A970002BBF3C /* ICFindView.h */ = {isa = PBXFileReference; fileEncoding = 4; lastKnownFileType = sourcecode.c.h; path = ICFindView.h; sourceTree = "<group>"; };
		E76C691117C0A970002BBF3C /* ICFindView.m */ = {isa = PBXFileReference; fileEncoding = 4; lastKnownFileType = sourcecode.c.objc; path = ICFindView.m; sourceTree = "<group>"; };
		E76C691317C0A980002BBF3C /* ICSettingView.h */ = {isa = PBXFileReference; fileEncoding = 4; lastKnownFileType = sourcecode.c.h; path = ICSettingView.h; sourceTree = "<group>"; };
		E76C691417C0A980002BBF3C /* ICSettingView.m */ = {isa = PBXFileReference; fileEncoding = 4; lastKnownFileType = sourcecode.c.objc; path = ICSettingView.m; sourceTree = "<group>"; };
		E76C691617C0AB18002BBF3C /* ICBeanViewController.h */ = {isa = PBXFileReference; fileEncoding = 4; lastKnownFileType = sourcecode.c.h; path = ICBeanViewController.h; sourceTree = "<group>"; };
		E76C691717C0AB18002BBF3C /* ICBeanViewController.m */ = {isa = PBXFileReference; fileEncoding = 4; lastKnownFileType = sourcecode.c.objc; path = ICBeanViewController.m; sourceTree = "<group>"; };
		E76C691917C0AB57002BBF3C /* ICBrewViewController.h */ = {isa = PBXFileReference; fileEncoding = 4; lastKnownFileType = sourcecode.c.h; path = ICBrewViewController.h; sourceTree = "<group>"; };
		E76C691A17C0AB57002BBF3C /* ICBrewViewController.m */ = {isa = PBXFileReference; fileEncoding = 4; lastKnownFileType = sourcecode.c.objc; path = ICBrewViewController.m; sourceTree = "<group>"; };
		E76C691C17C0AB6C002BBF3C /* ICCultureViewController.h */ = {isa = PBXFileReference; fileEncoding = 4; lastKnownFileType = sourcecode.c.h; path = ICCultureViewController.h; sourceTree = "<group>"; };
		E76C691D17C0AB6C002BBF3C /* ICCultureViewController.m */ = {isa = PBXFileReference; fileEncoding = 4; lastKnownFileType = sourcecode.c.objc; path = ICCultureViewController.m; sourceTree = "<group>"; };
		E76C691F17C0AB7B002BBF3C /* ICFavoriteViewController.h */ = {isa = PBXFileReference; fileEncoding = 4; lastKnownFileType = sourcecode.c.h; path = ICFavoriteViewController.h; sourceTree = "<group>"; };
		E76C692017C0AB7B002BBF3C /* ICFavoriteViewController.m */ = {isa = PBXFileReference; fileEncoding = 4; lastKnownFileType = sourcecode.c.objc; path = ICFavoriteViewController.m; sourceTree = "<group>"; };
		E76C692217C0AB89002BBF3C /* ICFindViewController.h */ = {isa = PBXFileReference; fileEncoding = 4; lastKnownFileType = sourcecode.c.h; path = ICFindViewController.h; sourceTree = "<group>"; };
		E76C692317C0AB89002BBF3C /* ICFindViewController.m */ = {isa = PBXFileReference; fileEncoding = 4; lastKnownFileType = sourcecode.c.objc; path = ICFindViewController.m; sourceTree = "<group>"; };
		E76C692517C0AB97002BBF3C /* ICSettingViewController.h */ = {isa = PBXFileReference; fileEncoding = 4; lastKnownFileType = sourcecode.c.h; path = ICSettingViewController.h; sourceTree = "<group>"; };
		E76C692617C0AB97002BBF3C /* ICSettingViewController.m */ = {isa = PBXFileReference; fileEncoding = 4; lastKnownFileType = sourcecode.c.objc; path = ICSettingViewController.m; sourceTree = "<group>"; };
		E772C77317C3BBAC004F5EA1 /* AVFoundation.framework */ = {isa = PBXFileReference; lastKnownFileType = wrapper.framework; name = AVFoundation.framework; path = System/Library/Frameworks/AVFoundation.framework; sourceTree = SDKROOT; };
		E772C77517C3BBB7004F5EA1 /* CoreData.framework */ = {isa = PBXFileReference; lastKnownFileType = wrapper.framework; name = CoreData.framework; path = System/Library/Frameworks/CoreData.framework; sourceTree = SDKROOT; };
		E772C77717C3BBBB004F5EA1 /* CoreLocation.framework */ = {isa = PBXFileReference; lastKnownFileType = wrapper.framework; name = CoreLocation.framework; path = System/Library/Frameworks/CoreLocation.framework; sourceTree = SDKROOT; };
		E772C77917C3BBC4004F5EA1 /* CoreText.framework */ = {isa = PBXFileReference; lastKnownFileType = wrapper.framework; name = CoreText.framework; path = System/Library/Frameworks/CoreText.framework; sourceTree = SDKROOT; };
		E772C77B17C3BBCB004F5EA1 /* GLKit.framework */ = {isa = PBXFileReference; lastKnownFileType = wrapper.framework; name = GLKit.framework; path = System/Library/Frameworks/GLKit.framework; sourceTree = SDKROOT; };
		E772C77D17C3BBD4004F5EA1 /* ImageIO.framework */ = {isa = PBXFileReference; lastKnownFileType = wrapper.framework; name = ImageIO.framework; path = System/Library/Frameworks/ImageIO.framework; sourceTree = SDKROOT; };
		E772C77F17C3BBE7004F5EA1 /* libc++.dylib */ = {isa = PBXFileReference; lastKnownFileType = "compiled.mach-o.dylib"; name = "libc++.dylib"; path = "usr/lib/libc++.dylib"; sourceTree = SDKROOT; };
		E772C78117C3BBF4004F5EA1 /* libz.dylib */ = {isa = PBXFileReference; lastKnownFileType = "compiled.mach-o.dylib"; name = libz.dylib; path = usr/lib/libz.dylib; sourceTree = SDKROOT; };
		E772C78317C3BC08004F5EA1 /* libicucore.dylib */ = {isa = PBXFileReference; lastKnownFileType = "compiled.mach-o.dylib"; name = libicucore.dylib; path = usr/lib/libicucore.dylib; sourceTree = SDKROOT; };
		E772C78517C3BC21004F5EA1 /* SystemConfiguration.framework */ = {isa = PBXFileReference; lastKnownFileType = wrapper.framework; name = SystemConfiguration.framework; path = System/Library/Frameworks/SystemConfiguration.framework; sourceTree = SDKROOT; };
		E772C78717C3BC2B004F5EA1 /* OpenGLES.framework */ = {isa = PBXFileReference; lastKnownFileType = wrapper.framework; name = OpenGLES.framework; path = System/Library/Frameworks/OpenGLES.framework; sourceTree = SDKROOT; };
		E772C78917C3BC35004F5EA1 /* QuartzCore.framework */ = {isa = PBXFileReference; lastKnownFileType = wrapper.framework; name = QuartzCore.framework; path = System/Library/Frameworks/QuartzCore.framework; sourceTree = SDKROOT; };
		E772C78E17C3E962004F5EA1 /* GoogleMaps.bundle */ = {isa = PBXFileReference; lastKnownFileType = "wrapper.plug-in"; path = GoogleMaps.bundle; sourceTree = "<group>"; };
		E78C516717C5CFAB00EA05EB /* MapKit.framework */ = {isa = PBXFileReference; lastKnownFileType = wrapper.framework; name = MapKit.framework; path = System/Library/Frameworks/MapKit.framework; sourceTree = SDKROOT; };
		E794F70417BFE58900F729A1 /* welcomescroll_1.png */ = {isa = PBXFileReference; lastKnownFileType = image.png; path = welcomescroll_1.png; sourceTree = "<group>"; };
		E794F70517BFE58900F729A1 /* welcomescroll_2.png */ = {isa = PBXFileReference; lastKnownFileType = image.png; path = welcomescroll_2.png; sourceTree = "<group>"; };
		E794F70617BFE58900F729A1 /* welcomescroll_3.png */ = {isa = PBXFileReference; lastKnownFileType = image.png; path = welcomescroll_3.png; sourceTree = "<group>"; };
		E7A2612B17C1A26300983DC4 /* ICHeaderBarView.h */ = {isa = PBXFileReference; fileEncoding = 4; lastKnownFileType = sourcecode.c.h; path = ICHeaderBarView.h; sourceTree = "<group>"; };
		E7A2612C17C1A26300983DC4 /* ICHeaderBarView.m */ = {isa = PBXFileReference; fileEncoding = 4; lastKnownFileType = sourcecode.c.objc; path = ICHeaderBarView.m; sourceTree = "<group>"; };
		E7A2613217C1AAA800983DC4 /* icon_home.png */ = {isa = PBXFileReference; lastKnownFileType = image.png; path = icon_home.png; sourceTree = "<group>"; };
		E7A2613317C1AAA800983DC4 /* icon_home@2x.png */ = {isa = PBXFileReference; lastKnownFileType = image.png; path = "icon_home@2x.png"; sourceTree = "<group>"; };
		E7A2613617C1EAC100983DC4 /* iAd.framework */ = {isa = PBXFileReference; lastKnownFileType = wrapper.framework; name = iAd.framework; path = System/Library/Frameworks/iAd.framework; sourceTree = SDKROOT; };
		E7BF70D317CA6AA900D3D5C5 /* ICDataButton.h */ = {isa = PBXFileReference; fileEncoding = 4; lastKnownFileType = sourcecode.c.h; path = ICDataButton.h; sourceTree = "<group>"; };
		E7BF70D417CA6AA900D3D5C5 /* ICDataButton.m */ = {isa = PBXFileReference; fileEncoding = 4; lastKnownFileType = sourcecode.c.objc; path = ICDataButton.m; sourceTree = "<group>"; };
		E7BF70DD17CC749B00D3D5C5 /* Roboto-Bold.ttf */ = {isa = PBXFileReference; lastKnownFileType = file; path = "Roboto-Bold.ttf"; sourceTree = "<group>"; };
		E7BF70DE17CC749B00D3D5C5 /* Roboto-Light.ttf */ = {isa = PBXFileReference; lastKnownFileType = file; path = "Roboto-Light.ttf"; sourceTree = "<group>"; };
		E7BF70DF17CC749B00D3D5C5 /* Roboto-Medium.ttf */ = {isa = PBXFileReference; lastKnownFileType = file; path = "Roboto-Medium.ttf"; sourceTree = "<group>"; };
		E7BF70E017CC749B00D3D5C5 /* Roboto-Regular.ttf */ = {isa = PBXFileReference; lastKnownFileType = file; path = "Roboto-Regular.ttf"; sourceTree = "<group>"; };
		E7BF70E117CC749B00D3D5C5 /* Roboto-Thin.ttf */ = {isa = PBXFileReference; lastKnownFileType = file; path = "Roboto-Thin.ttf"; sourceTree = "<group>"; };
		E7BF70E717CC74A900D3D5C5 /* personalize_bar.png */ = {isa = PBXFileReference; lastKnownFileType = image.png; path = personalize_bar.png; sourceTree = "<group>"; };
		E7BF70E817CC74A900D3D5C5 /* personalize_bar@2x.png */ = {isa = PBXFileReference; lastKnownFileType = image.png; path = "personalize_bar@2x.png"; sourceTree = "<group>"; };
		E7BF70EE17CC86FC00D3D5C5 /* nav_back.png */ = {isa = PBXFileReference; lastKnownFileType = image.png; path = nav_back.png; sourceTree = "<group>"; };
		E7BF70EF17CC86FC00D3D5C5 /* nav_back@2x.png */ = {isa = PBXFileReference; lastKnownFileType = image.png; path = "nav_back@2x.png"; sourceTree = "<group>"; };
		E7C268DA17C72468001347C1 /* ICMapPlaceEntity.h */ = {isa = PBXFileReference; fileEncoding = 4; lastKnownFileType = sourcecode.c.h; path = ICMapPlaceEntity.h; sourceTree = "<group>"; };
		E7C268DB17C72468001347C1 /* ICMapPlaceEntity.m */ = {isa = PBXFileReference; fileEncoding = 4; lastKnownFileType = sourcecode.c.objc; path = ICMapPlaceEntity.m; sourceTree = "<group>"; };
		E7C268DD17C724FC001347C1 /* ICMapPlaceEntityMapper.h */ = {isa = PBXFileReference; fileEncoding = 4; lastKnownFileType = sourcecode.c.h; path = ICMapPlaceEntityMapper.h; sourceTree = "<group>"; };
		E7C268DE17C724FC001347C1 /* ICMapPlaceEntityMapper.m */ = {isa = PBXFileReference; fileEncoding = 4; lastKnownFileType = sourcecode.c.objc; path = ICMapPlaceEntityMapper.m; sourceTree = "<group>"; };
		E7DAB34717AF203B00D575B7 /* iCoffee.app */ = {isa = PBXFileReference; explicitFileType = wrapper.application; includeInIndex = 0; path = iCoffee.app; sourceTree = BUILT_PRODUCTS_DIR; };
		E7DAB34B17AF203B00D575B7 /* UIKit.framework */ = {isa = PBXFileReference; lastKnownFileType = wrapper.framework; name = UIKit.framework; path = System/Library/Frameworks/UIKit.framework; sourceTree = SDKROOT; };
		E7DAB34D17AF203B00D575B7 /* Foundation.framework */ = {isa = PBXFileReference; lastKnownFileType = wrapper.framework; name = Foundation.framework; path = System/Library/Frameworks/Foundation.framework; sourceTree = SDKROOT; };
		E7DAB34F17AF203B00D575B7 /* CoreGraphics.framework */ = {isa = PBXFileReference; lastKnownFileType = wrapper.framework; name = CoreGraphics.framework; path = System/Library/Frameworks/CoreGraphics.framework; sourceTree = SDKROOT; };
		E7DAB39917AF248400D575B7 /* ICAppDelegate.h */ = {isa = PBXFileReference; fileEncoding = 4; lastKnownFileType = sourcecode.c.h; path = ICAppDelegate.h; sourceTree = "<group>"; };
		E7DAB39A17AF248400D575B7 /* ICAppDelegate.m */ = {isa = PBXFileReference; fileEncoding = 4; lastKnownFileType = sourcecode.c.objc; path = ICAppDelegate.m; sourceTree = "<group>"; };
		E7DAB3B317AF25FF00D575B7 /* Default-568h@2x.png */ = {isa = PBXFileReference; lastKnownFileType = image.png; path = "Default-568h@2x.png"; sourceTree = "<group>"; };
		E7DAB3B417AF25FF00D575B7 /* Default.png */ = {isa = PBXFileReference; lastKnownFileType = image.png; path = Default.png; sourceTree = "<group>"; };
		E7DAB3B517AF25FF00D575B7 /* Default@2x.png */ = {isa = PBXFileReference; lastKnownFileType = image.png; path = "Default@2x.png"; sourceTree = "<group>"; };
		E7DAB3B717AF25FF00D575B7 /* en */ = {isa = PBXFileReference; lastKnownFileType = text.plist.strings; name = en; path = en.lproj/InfoPlist.strings; sourceTree = "<group>"; };
		E7DAB3B817AF25FF00D575B7 /* iCoffee-Info.plist */ = {isa = PBXFileReference; fileEncoding = 4; lastKnownFileType = text.plist.xml; path = "iCoffee-Info.plist"; sourceTree = "<group>"; };
		E7DAB3B917AF25FF00D575B7 /* iCoffee-Prefix.pch */ = {isa = PBXFileReference; fileEncoding = 4; lastKnownFileType = sourcecode.c.h; path = "iCoffee-Prefix.pch"; sourceTree = "<group>"; };
		E7DAB3BA17AF25FF00D575B7 /* main.m */ = {isa = PBXFileReference; fileEncoding = 4; lastKnownFileType = sourcecode.c.objc; path = main.m; sourceTree = "<group>"; };
		E7DAB3C817AF28AA00D575B7 /* libiCoffeeLibrary.a */ = {isa = PBXFileReference; lastKnownFileType = archive.ar; name = libiCoffeeLibrary.a; path = "/Users/shengzhc/Desktop/iCoffee/iCoffeeLibrary/build/Release-iphoneos/libiCoffeeLibrary.a"; sourceTree = "<absolute>"; };
		E7E6135517C88DE2009B0462 /* button_my_location@2x.png */ = {isa = PBXFileReference; lastKnownFileType = image.png; path = "button_my_location@2x.png"; sourceTree = "<group>"; };
		E7E6135617C88DE2009B0462 /* button_my_location.png */ = {isa = PBXFileReference; lastKnownFileType = image.png; path = button_my_location.png; sourceTree = "<group>"; };
		E7E6135917C88DE8009B0462 /* button_my_location_pressed@2x.png */ = {isa = PBXFileReference; lastKnownFileType = image.png; path = "button_my_location_pressed@2x.png"; sourceTree = "<group>"; };
		E7E6135A17C88DE8009B0462 /* button_my_location_pressed.png */ = {isa = PBXFileReference; lastKnownFileType = image.png; path = button_my_location_pressed.png; sourceTree = "<group>"; };
		E7E6135D17C8931F009B0462 /* button_menu_setting@2x.png */ = {isa = PBXFileReference; lastKnownFileType = image.png; path = "button_menu_setting@2x.png"; sourceTree = "<group>"; };
		E7E6135E17C8931F009B0462 /* button_menu_setting.png */ = {isa = PBXFileReference; lastKnownFileType = image.png; path = button_menu_setting.png; sourceTree = "<group>"; };
		E7E6136117C964C0009B0462 /* coffee_category.json */ = {isa = PBXFileReference; fileEncoding = 4; lastKnownFileType = text.json; path = coffee_category.json; sourceTree = "<group>"; };
		E7E6136317C964D8009B0462 /* ICBeanEntity.h */ = {isa = PBXFileReference; fileEncoding = 4; lastKnownFileType = sourcecode.c.h; path = ICBeanEntity.h; sourceTree = "<group>"; };
		E7E6136417C964D8009B0462 /* ICBeanEntity.m */ = {isa = PBXFileReference; fileEncoding = 4; lastKnownFileType = sourcecode.c.objc; path = ICBeanEntity.m; sourceTree = "<group>"; };
		E7E6136617C964E8009B0462 /* ICBeanEntityMapper.h */ = {isa = PBXFileReference; fileEncoding = 4; lastKnownFileType = sourcecode.c.h; path = ICBeanEntityMapper.h; sourceTree = "<group>"; };
		E7E6136717C964E8009B0462 /* ICBeanEntityMapper.m */ = {isa = PBXFileReference; fileEncoding = 4; lastKnownFileType = sourcecode.c.objc; path = ICBeanEntityMapper.m; sourceTree = "<group>"; };
		E7E6136917C98C03009B0462 /* ICFindBackView.h */ = {isa = PBXFileReference; fileEncoding = 4; lastKnownFileType = sourcecode.c.h; path = ICFindBackView.h; sourceTree = "<group>"; };
		E7E6136A17C98C03009B0462 /* ICFindBackView.m */ = {isa = PBXFileReference; fileEncoding = 4; lastKnownFileType = sourcecode.c.objc; path = ICFindBackView.m; sourceTree = "<group>"; };
		E7E6136C17C98CE2009B0462 /* findback.json */ = {isa = PBXFileReference; fileEncoding = 4; lastKnownFileType = text.json; path = findback.json; sourceTree = "<group>"; };
		E7E6137317C996D9009B0462 /* ICCellFactory.h */ = {isa = PBXFileReference; fileEncoding = 4; lastKnownFileType = sourcecode.c.h; path = ICCellFactory.h; sourceTree = "<group>"; };
		E7E6137417C996D9009B0462 /* ICCellFactory.m */ = {isa = PBXFileReference; fileEncoding = 4; lastKnownFileType = sourcecode.c.objc; path = ICCellFactory.m; sourceTree = "<group>"; };
		E7E6137B17C9A7CD009B0462 /* find_background.png */ = {isa = PBXFileReference; lastKnownFileType = image.png; path = find_background.png; sourceTree = "<group>"; };
		E7E6137D17C9B7C8009B0462 /* ICSwitchBarView.h */ = {isa = PBXFileReference; fileEncoding = 4; lastKnownFileType = sourcecode.c.h; path = ICSwitchBarView.h; sourceTree = "<group>"; };
		E7E6137E17C9B7C8009B0462 /* ICSwitchBarView.m */ = {isa = PBXFileReference; fileEncoding = 4; lastKnownFileType = sourcecode.c.objc; path = ICSwitchBarView.m; sourceTree = "<group>"; };
		E7E6138017C9D51A009B0462 /* find_icon_restaurant@2x.png */ = {isa = PBXFileReference; lastKnownFileType = image.png; path = "find_icon_restaurant@2x.png"; sourceTree = "<group>"; };
		E7E6138117C9D51A009B0462 /* find_icon_miss.png */ = {isa = PBXFileReference; lastKnownFileType = image.png; path = find_icon_miss.png; sourceTree = "<group>"; };
		E7E6138217C9D51A009B0462 /* find_icon_miss@2x.png */ = {isa = PBXFileReference; lastKnownFileType = image.png; path = "find_icon_miss@2x.png"; sourceTree = "<group>"; };
		E7E6138317C9D51A009B0462 /* find_icon_cafe.png */ = {isa = PBXFileReference; lastKnownFileType = image.png; path = find_icon_cafe.png; sourceTree = "<group>"; };
		E7E6138417C9D51A009B0462 /* find_icon_cafe@2x.png */ = {isa = PBXFileReference; lastKnownFileType = image.png; path = "find_icon_cafe@2x.png"; sourceTree = "<group>"; };
		E7E6138517C9D51A009B0462 /* find_icon_restaurant.png */ = {isa = PBXFileReference; lastKnownFileType = image.png; path = find_icon_restaurant.png; sourceTree = "<group>"; };
		E7E6139317CA5D7F009B0462 /* find_direction_active.png */ = {isa = PBXFileReference; lastKnownFileType = image.png; path = find_direction_active.png; sourceTree = "<group>"; };
		E7E6139417CA5D7F009B0462 /* find_direction_inactive.png */ = {isa = PBXFileReference; lastKnownFileType = image.png; path = find_direction_inactive.png; sourceTree = "<group>"; };
		E7E6139517CA5D80009B0462 /* find_direction_active@2x.png */ = {isa = PBXFileReference; lastKnownFileType = image.png; path = "find_direction_active@2x.png"; sourceTree = "<group>"; };
		E7E6139617CA5D80009B0462 /* find_direction_inactive@2x.png */ = {isa = PBXFileReference; lastKnownFileType = image.png; path = "find_direction_inactive@2x.png"; sourceTree = "<group>"; };
		E7E6139F17CA6444009B0462 /* SDWebImage.framework */ = {isa = PBXFileReference; lastKnownFileType = wrapper.framework; path = SDWebImage.framework; sourceTree = "<group>"; };
/* End PBXFileReference section */

/* Begin PBXFrameworksBuildPhase section */
		E7DAB34417AF203A00D575B7 /* Frameworks */ = {
			isa = PBXFrameworksBuildPhase;
			buildActionMask = 2147483647;
			files = (
				E772C77E17C3BBD4004F5EA1 /* ImageIO.framework in Frameworks */,
				E78C516817C5CFAB00EA05EB /* MapKit.framework in Frameworks */,
				E772C78A17C3BC35004F5EA1 /* QuartzCore.framework in Frameworks */,
				E772C78817C3BC2B004F5EA1 /* OpenGLES.framework in Frameworks */,
				E772C78617C3BC21004F5EA1 /* SystemConfiguration.framework in Frameworks */,
				E772C78417C3BC08004F5EA1 /* libicucore.dylib in Frameworks */,
				E772C78217C3BBF4004F5EA1 /* libz.dylib in Frameworks */,
				E772C78017C3BBE7004F5EA1 /* libc++.dylib in Frameworks */,
				E772C77C17C3BBCB004F5EA1 /* GLKit.framework in Frameworks */,
				E772C77A17C3BBC4004F5EA1 /* CoreText.framework in Frameworks */,
				E772C77817C3BBBB004F5EA1 /* CoreLocation.framework in Frameworks */,
				E772C77617C3BBB7004F5EA1 /* CoreData.framework in Frameworks */,
				E772C77417C3BBAC004F5EA1 /* AVFoundation.framework in Frameworks */,
				E7A2613717C1EAC100983DC4 /* iAd.framework in Frameworks */,
				E7DAB3C917AF28AA00D575B7 /* libiCoffeeLibrary.a in Frameworks */,
				E7DAB34C17AF203B00D575B7 /* UIKit.framework in Frameworks */,
				E7DAB34E17AF203B00D575B7 /* Foundation.framework in Frameworks */,
				E7DAB35017AF203B00D575B7 /* CoreGraphics.framework in Frameworks */,
				E7E613A017CA6444009B0462 /* SDWebImage.framework in Frameworks */,
			);
			runOnlyForDeploymentPostprocessing = 0;
		};
/* End PBXFrameworksBuildPhase section */

/* Begin PBXGroup section */
		07BEC1B217C7BDDF0076E03C /* Widget */ = {
			isa = PBXGroup;
			children = (
				07BEC1B317C7BDDF0076E03C /* ICPopButtonViewController.h */,
				07BEC1B417C7BDDF0076E03C /* ICPopButtonViewController.m */,
			);
			path = Widget;
			sourceTree = "<group>";
		};
		07BEC1B617C7BE0B0076E03C /* Widget */ = {
			isa = PBXGroup;
			children = (
				07BEC1CE17C7C80B0076E03C /* ICPopButtonItem.h */,
				07BEC1CF17C7C80B0076E03C /* ICPopButtonItem.m */,
			);
			path = Widget;
			sourceTree = "<group>";
		};
		E73807C717C426CD00FB2A00 /* Test */ = {
			isa = PBXGroup;
			children = (
			);
			path = Test;
			sourceTree = "<group>";
		};
		E76C68D817C0A8BF002BBF3C /* Base */ = {
			isa = PBXGroup;
			children = (
				E76C68D917C0A8BF002BBF3C /* ICMenuButton.h */,
				E76C68DA17C0A8BF002BBF3C /* ICMenuButton.m */,
				E76C68DB17C0A8BF002BBF3C /* ICScrollImageView.h */,
				E76C68DC17C0A8BF002BBF3C /* ICScrollImageView.m */,
				E76C68DD17C0A8BF002BBF3C /* ICScrollPageView.h */,
				E76C68DE17C0A8BF002BBF3C /* ICScrollPageView.m */,
				E76C68DF17C0A8BF002BBF3C /* ICScrollViewDatasource.h */,
				E7BF70D317CA6AA900D3D5C5 /* ICDataButton.h */,
				E7BF70D417CA6AA900D3D5C5 /* ICDataButton.m */,
			);
			path = Base;
			sourceTree = "<group>";
		};
		E76C68E017C0A8BF002BBF3C /* Bean */ = {
			isa = PBXGroup;
			children = (
				E76C690417C0A916002BBF3C /* ICBeanView.h */,
				E76C690517C0A916002BBF3C /* ICBeanView.m */,
				07ADBEC917C315A30083B3AF /* ICBeanCell.h */,
				07ADBECA17C315A30083B3AF /* ICBeanCell.m */,
				07E855EA17C2B347000CD833 /* ICBeanDetailView.h */,
				07E855EB17C2B347000CD833 /* ICBeanDetailView.m */,
			);
			path = Bean;
			sourceTree = "<group>";
		};
		E76C68E117C0A8BF002BBF3C /* Brew */ = {
			isa = PBXGroup;
			children = (
				E76C690717C0A94F002BBF3C /* ICBrewView.h */,
				E76C690817C0A94F002BBF3C /* ICBrewView.m */,
			);
			path = Brew;
			sourceTree = "<group>";
		};
		E76C68E217C0A8BF002BBF3C /* Culture */ = {
			isa = PBXGroup;
			children = (
				E76C690A17C0A959002BBF3C /* ICCultureView.h */,
				E76C690B17C0A959002BBF3C /* ICCultureView.m */,
			);
			path = Culture;
			sourceTree = "<group>";
		};
		E76C68E317C0A8BF002BBF3C /* Favorite */ = {
			isa = PBXGroup;
			children = (
				E76C690D17C0A964002BBF3C /* ICFavoriteView.h */,
				E76C690E17C0A964002BBF3C /* ICFavoriteView.m */,
			);
			path = Favorite;
			sourceTree = "<group>";
		};
		E76C68E417C0A8BF002BBF3C /* Find */ = {
			isa = PBXGroup;
			children = (
				E76C691017C0A970002BBF3C /* ICFindView.h */,
				E76C691117C0A970002BBF3C /* ICFindView.m */,
				E7E6136917C98C03009B0462 /* ICFindBackView.h */,
				E7E6136A17C98C03009B0462 /* ICFindBackView.m */,
				E7E6137D17C9B7C8009B0462 /* ICSwitchBarView.h */,
				E7E6137E17C9B7C8009B0462 /* ICSwitchBarView.m */,
			);
			path = Find;
			sourceTree = "<group>";
		};
		E76C68E717C0A8BF002BBF3C /* Menu */ = {
			isa = PBXGroup;
			children = (
				E76C68E817C0A8BF002BBF3C /* ICBottomBarView.h */,
				E76C68E917C0A8BF002BBF3C /* ICBottomBarView.m */,
				E76C68EA17C0A8BF002BBF3C /* ICMenuPanel.h */,
				E76C68EB17C0A8BF002BBF3C /* ICMenuPanel.m */,
			);
			path = Menu;
			sourceTree = "<group>";
		};
		E76C68EC17C0A8BF002BBF3C /* Setting */ = {
			isa = PBXGroup;
			children = (
				E76C691317C0A980002BBF3C /* ICSettingView.h */,
				E76C691417C0A980002BBF3C /* ICSettingView.m */,
			);
			path = Setting;
			sourceTree = "<group>";
		};
		E76C68ED17C0A8BF002BBF3C /* Welcome */ = {
			isa = PBXGroup;
			children = (
				E76C68EE17C0A8BF002BBF3C /* ICWelcomeView.h */,
				E76C68EF17C0A8BF002BBF3C /* ICWelcomeView.m */,
			);
			path = Welcome;
			sourceTree = "<group>";
		};
		E76C68F717C0A8DF002BBF3C /* Bean */ = {
			isa = PBXGroup;
			children = (
				E76C691617C0AB18002BBF3C /* ICBeanViewController.h */,
				E76C691717C0AB18002BBF3C /* ICBeanViewController.m */,
				07E855ED17C2B365000CD833 /* ICBeanDetailViewController.h */,
				07E855EE17C2B365000CD833 /* ICBeanDetailViewController.m */,
			);
			path = Bean;
			sourceTree = "<group>";
		};
		E76C68F817C0A8DF002BBF3C /* Brew */ = {
			isa = PBXGroup;
			children = (
				E76C691917C0AB57002BBF3C /* ICBrewViewController.h */,
				E76C691A17C0AB57002BBF3C /* ICBrewViewController.m */,
			);
			path = Brew;
			sourceTree = "<group>";
		};
		E76C68F917C0A8DF002BBF3C /* Culture */ = {
			isa = PBXGroup;
			children = (
				E76C691C17C0AB6C002BBF3C /* ICCultureViewController.h */,
				E76C691D17C0AB6C002BBF3C /* ICCultureViewController.m */,
			);
			path = Culture;
			sourceTree = "<group>";
		};
		E76C68FA17C0A8DF002BBF3C /* Favorite */ = {
			isa = PBXGroup;
			children = (
				E76C691F17C0AB7B002BBF3C /* ICFavoriteViewController.h */,
				E76C692017C0AB7B002BBF3C /* ICFavoriteViewController.m */,
			);
			path = Favorite;
			sourceTree = "<group>";
		};
		E76C68FB17C0A8DF002BBF3C /* Find */ = {
			isa = PBXGroup;
			children = (
				E76C692217C0AB89002BBF3C /* ICFindViewController.h */,
				E76C692317C0AB89002BBF3C /* ICFindViewController.m */,
			);
			path = Find;
			sourceTree = "<group>";
		};
		E76C68FE17C0A8DF002BBF3C /* Setting */ = {
			isa = PBXGroup;
			children = (
				E76C692517C0AB97002BBF3C /* ICSettingViewController.h */,
				E76C692617C0AB97002BBF3C /* ICSettingViewController.m */,
			);
			path = Setting;
			sourceTree = "<group>";
		};
		E76C68FF17C0A8DF002BBF3C /* Welcome */ = {
			isa = PBXGroup;
			children = (
				E76C690017C0A8DF002BBF3C /* ICWelcomeViewController.h */,
				E76C690117C0A8DF002BBF3C /* ICWelcomeViewController.m */,
			);
			path = Welcome;
			sourceTree = "<group>";
		};
		E772C78D17C3E95B004F5EA1 /* Bundles */ = {
			isa = PBXGroup;
			children = (
				E772C78E17C3E962004F5EA1 /* GoogleMaps.bundle */,
			);
			path = Bundles;
			sourceTree = "<group>";
		};
		E773385217C32DE1004EEEFF /* JSON */ = {
			isa = PBXGroup;
			children = (
				E7E6136117C964C0009B0462 /* coffee_category.json */,
				E7E6136C17C98CE2009B0462 /* findback.json */,
			);
			path = JSON;
			sourceTree = "<group>";
		};
		E794F6EB17BFD3A000F729A1 /* Controller */ = {
			isa = PBXGroup;
			children = (
				E76C68FC17C0A8DF002BBF3C /* ICMainMediator.h */,
				E76C68FD17C0A8DF002BBF3C /* ICMainMediator.m */,
				E76C68F717C0A8DF002BBF3C /* Bean */,
				E76C68F817C0A8DF002BBF3C /* Brew */,
				E76C68F917C0A8DF002BBF3C /* Culture */,
				E76C68FA17C0A8DF002BBF3C /* Favorite */,
				E76C68FB17C0A8DF002BBF3C /* Find */,
				E76C68FE17C0A8DF002BBF3C /* Setting */,
				E76C68FF17C0A8DF002BBF3C /* Welcome */,
				07BEC1B217C7BDDF0076E03C /* Widget */,
			);
			path = Controller;
			sourceTree = "<group>";
		};
		E794F6EC17BFD3A000F729A1 /* View */ = {
			isa = PBXGroup;
			children = (
				E7A2612A17C1A25800983DC4 /* Header */,
				E76C68D817C0A8BF002BBF3C /* Base */,
				E76C68E017C0A8BF002BBF3C /* Bean */,
				E76C68E117C0A8BF002BBF3C /* Brew */,
				E7E6136F17C99485009B0462 /* Cell */,
				E76C68E217C0A8BF002BBF3C /* Culture */,
				E76C68E317C0A8BF002BBF3C /* Favorite */,
				E76C68E417C0A8BF002BBF3C /* Find */,
				E76C68E717C0A8BF002BBF3C /* Menu */,
				E76C68EC17C0A8BF002BBF3C /* Setting */,
				E76C68ED17C0A8BF002BBF3C /* Welcome */,
				07BEC1B617C7BE0B0076E03C /* Widget */,
			);
			path = View;
			sourceTree = "<group>";
		};
		E794F6FD17BFDC3B00F729A1 /* Bundle */ = {
			isa = PBXGroup;
			children = (
				E772C78D17C3E95B004F5EA1 /* Bundles */,
				E773385217C32DE1004EEEFF /* JSON */,
				E794F6FE17BFDC3B00F729A1 /* Font */,
				E794F6FF17BFDC3B00F729A1 /* image */,
			);
			path = Bundle;
			sourceTree = "<group>";
		};
		E794F6FE17BFDC3B00F729A1 /* Font */ = {
			isa = PBXGroup;
			children = (
				E7BF70DD17CC749B00D3D5C5 /* Roboto-Bold.ttf */,
				E7BF70DE17CC749B00D3D5C5 /* Roboto-Light.ttf */,
				E7BF70DF17CC749B00D3D5C5 /* Roboto-Medium.ttf */,
				E7BF70E017CC749B00D3D5C5 /* Roboto-Regular.ttf */,
				E7BF70E117CC749B00D3D5C5 /* Roboto-Thin.ttf */,
			);
			path = Font;
			sourceTree = "<group>";
		};
		E794F6FF17BFDC3B00F729A1 /* image */ = {
			isa = PBXGroup;
			children = (
				E7BF70EE17CC86FC00D3D5C5 /* nav_back.png */,
				E7BF70EF17CC86FC00D3D5C5 /* nav_back@2x.png */,
				E7BF70E717CC74A900D3D5C5 /* personalize_bar.png */,
				E7BF70E817CC74A900D3D5C5 /* personalize_bar@2x.png */,
				E7E6139317CA5D7F009B0462 /* find_direction_active.png */,
				E7E6139417CA5D7F009B0462 /* find_direction_inactive.png */,
				E7E6139517CA5D80009B0462 /* find_direction_active@2x.png */,
				E7E6139617CA5D80009B0462 /* find_direction_inactive@2x.png */,
				074366AE17CAA2A7006225B1 /* bean_fake.png */,
				E7E6138017C9D51A009B0462 /* find_icon_restaurant@2x.png */,
				E7E6138117C9D51A009B0462 /* find_icon_miss.png */,
				E7E6138217C9D51A009B0462 /* find_icon_miss@2x.png */,
				E7E6138317C9D51A009B0462 /* find_icon_cafe.png */,
				E7E6138417C9D51A009B0462 /* find_icon_cafe@2x.png */,
				E7E6138517C9D51A009B0462 /* find_icon_restaurant.png */,
				E7E6137B17C9A7CD009B0462 /* find_background.png */,
				07BEC1BA17C7C1740076E03C /* bg-addbutton-highlighted.png */,
				07BEC1BB17C7C1740076E03C /* bg-addbutton-highlighted@2x.png */,
				07BEC1BC17C7C1740076E03C /* bg-addbutton.png */,
				07BEC1BD17C7C1740076E03C /* bg-addbutton@2x.png */,
				07BEC1BE17C7C1740076E03C /* bg-menuitem-highlighted.png */,
				07BEC1BF17C7C1740076E03C /* bg-menuitem-highlighted@2x.png */,
				07BEC1C017C7C1740076E03C /* bg-menuitem.png */,
				07BEC1C117C7C1740076E03C /* bg-menuitem@2x.png */,
				07BEC1C217C7C1740076E03C /* icon-plus-highlighted.png */,
				07BEC1C317C7C1740076E03C /* icon-plus-highlighted@2x.png */,
				E7E6135D17C8931F009B0462 /* button_menu_setting@2x.png */,
				E7E6135E17C8931F009B0462 /* button_menu_setting.png */,
				E7E6135917C88DE8009B0462 /* button_my_location_pressed@2x.png */,
				E7E6135A17C88DE8009B0462 /* button_my_location_pressed.png */,
				E7E6135517C88DE2009B0462 /* button_my_location@2x.png */,
				E7E6135617C88DE2009B0462 /* button_my_location.png */,
				E7A2613217C1AAA800983DC4 /* icon_home.png */,
				E7A2613317C1AAA800983DC4 /* icon_home@2x.png */,
				E76C68C117C04D3B002BBF3C /* menu_favorite.png */,
				E76C68C217C04D3B002BBF3C /* menu_setting.png */,
				E76C68C317C04D3B002BBF3C /* menu_bean.png */,
				E76C68C417C04D3C002BBF3C /* menu_find.png */,
				E76C68C517C04D3C002BBF3C /* menu_culture.png */,
				E76C68C617C04D3C002BBF3C /* menu_brew.png */,
				E76C68B717C03711002BBF3C /* bottom_bar_arrow_up.png */,
				E76C68B817C03711002BBF3C /* bottom_bar_arrow_up@2x.png */,
				E76C68A617C0282C002BBF3C /* bottom_bar_arrow_down@2x.png */,
				E76C68A717C0282C002BBF3C /* bottom_bar_arrow_down.png */,
				E794F70417BFE58900F729A1 /* welcomescroll_1.png */,
				E794F70517BFE58900F729A1 /* welcomescroll_2.png */,
				E794F70617BFE58900F729A1 /* welcomescroll_3.png */,
			);
			path = image;
			sourceTree = "<group>";
		};
		E7A2612A17C1A25800983DC4 /* Header */ = {
			isa = PBXGroup;
			children = (
				E7A2612B17C1A26300983DC4 /* ICHeaderBarView.h */,
				E7A2612C17C1A26300983DC4 /* ICHeaderBarView.m */,
			);
			path = Header;
			sourceTree = "<group>";
		};
		E7C268D917C72453001347C1 /* Modal */ = {
			isa = PBXGroup;
			children = (
				E7C268DA17C72468001347C1 /* ICMapPlaceEntity.h */,
				E7C268DB17C72468001347C1 /* ICMapPlaceEntity.m */,
				E7C268DD17C724FC001347C1 /* ICMapPlaceEntityMapper.h */,
				E7C268DE17C724FC001347C1 /* ICMapPlaceEntityMapper.m */,
				E7E6136317C964D8009B0462 /* ICBeanEntity.h */,
				E7E6136417C964D8009B0462 /* ICBeanEntity.m */,
				E7E6136617C964E8009B0462 /* ICBeanEntityMapper.h */,
				E7E6136717C964E8009B0462 /* ICBeanEntityMapper.m */,
			);
			path = Modal;
			sourceTree = "<group>";
		};
		E7DAB33C17AF203A00D575B7 = {
			isa = PBXGroup;
			children = (
				E73807C717C426CD00FB2A00 /* Test */,
				E794F6FD17BFDC3B00F729A1 /* Bundle */,
				E7DAB3B217AF25FF00D575B7 /* Supporting Files */,
				E7DAB35117AF203B00D575B7 /* iCoffee */,
				E7DAB34A17AF203B00D575B7 /* Frameworks */,
				E7DAB34817AF203B00D575B7 /* Products */,
			);
			sourceTree = "<group>";
		};
		E7DAB34817AF203B00D575B7 /* Products */ = {
			isa = PBXGroup;
			children = (
				E7DAB34717AF203B00D575B7 /* iCoffee.app */,
			);
			name = Products;
			sourceTree = "<group>";
		};
		E7DAB34A17AF203B00D575B7 /* Frameworks */ = {
			isa = PBXGroup;
			children = (
				E7E6139F17CA6444009B0462 /* SDWebImage.framework */,
				E78C516717C5CFAB00EA05EB /* MapKit.framework */,
				E772C78917C3BC35004F5EA1 /* QuartzCore.framework */,
				E772C78717C3BC2B004F5EA1 /* OpenGLES.framework */,
				E772C78517C3BC21004F5EA1 /* SystemConfiguration.framework */,
				E772C78317C3BC08004F5EA1 /* libicucore.dylib */,
				E772C78117C3BBF4004F5EA1 /* libz.dylib */,
				E772C77F17C3BBE7004F5EA1 /* libc++.dylib */,
				E772C77D17C3BBD4004F5EA1 /* ImageIO.framework */,
				E772C77B17C3BBCB004F5EA1 /* GLKit.framework */,
				E772C77917C3BBC4004F5EA1 /* CoreText.framework */,
				E772C77717C3BBBB004F5EA1 /* CoreLocation.framework */,
				E772C77517C3BBB7004F5EA1 /* CoreData.framework */,
				E772C77317C3BBAC004F5EA1 /* AVFoundation.framework */,
				E7DAB3C817AF28AA00D575B7 /* libiCoffeeLibrary.a */,
				E7A2613617C1EAC100983DC4 /* iAd.framework */,
				E7DAB34B17AF203B00D575B7 /* UIKit.framework */,
				E7DAB34D17AF203B00D575B7 /* Foundation.framework */,
				E7DAB34F17AF203B00D575B7 /* CoreGraphics.framework */,
			);
			name = Frameworks;
			sourceTree = "<group>";
		};
		E7DAB35117AF203B00D575B7 /* iCoffee */ = {
			isa = PBXGroup;
			children = (
				E7E6136E17C9946C009B0462 /* Tool */,
				E7C268D917C72453001347C1 /* Modal */,
				E794F6EB17BFD3A000F729A1 /* Controller */,
				E794F6EC17BFD3A000F729A1 /* View */,
				E7DAB39817AF248400D575B7 /* Application */,
			);
			path = iCoffee;
			sourceTree = "<group>";
		};
		E7DAB39817AF248400D575B7 /* Application */ = {
			isa = PBXGroup;
			children = (
				E7DAB39917AF248400D575B7 /* ICAppDelegate.h */,
				E7DAB39A17AF248400D575B7 /* ICAppDelegate.m */,
			);
			path = Application;
			sourceTree = "<group>";
		};
		E7DAB3B217AF25FF00D575B7 /* Supporting Files */ = {
			isa = PBXGroup;
			children = (
				E7DAB3B317AF25FF00D575B7 /* Default-568h@2x.png */,
				E7DAB3B417AF25FF00D575B7 /* Default.png */,
				E7DAB3B517AF25FF00D575B7 /* Default@2x.png */,
				E7DAB3B617AF25FF00D575B7 /* InfoPlist.strings */,
				E7DAB3B817AF25FF00D575B7 /* iCoffee-Info.plist */,
				E7DAB3B917AF25FF00D575B7 /* iCoffee-Prefix.pch */,
				E7DAB3BA17AF25FF00D575B7 /* main.m */,
			);
			path = "Supporting Files";
			sourceTree = "<group>";
		};
		E7E6136E17C9946C009B0462 /* Tool */ = {
			isa = PBXGroup;
			children = (
				E7E6137317C996D9009B0462 /* ICCellFactory.h */,
				E7E6137417C996D9009B0462 /* ICCellFactory.m */,
			);
			path = Tool;
			sourceTree = "<group>";
		};
		E7E6136F17C99485009B0462 /* Cell */ = {
			isa = PBXGroup;
			children = (
			);
			path = Cell;
			sourceTree = "<group>";
		};
/* End PBXGroup section */

/* Begin PBXNativeTarget section */
		E7DAB34617AF203A00D575B7 /* iCoffee */ = {
			isa = PBXNativeTarget;
			buildConfigurationList = E7DAB36517AF203B00D575B7 /* Build configuration list for PBXNativeTarget "iCoffee" */;
			buildPhases = (
				E7DAB34317AF203A00D575B7 /* Sources */,
				E7DAB34417AF203A00D575B7 /* Frameworks */,
				E7DAB34517AF203A00D575B7 /* Resources */,
			);
			buildRules = (
			);
			dependencies = (
			);
			name = iCoffee;
			productName = iCoffee;
			productReference = E7DAB34717AF203B00D575B7 /* iCoffee.app */;
			productType = "com.apple.product-type.application";
		};
/* End PBXNativeTarget section */

/* Begin PBXProject section */
		E7DAB33E17AF203A00D575B7 /* Project object */ = {
			isa = PBXProject;
			attributes = {
				CLASSPREFIX = IC;
				LastUpgradeCheck = 0450;
				ORGANIZATIONNAME = iCoffee;
			};
			buildConfigurationList = E7DAB34117AF203A00D575B7 /* Build configuration list for PBXProject "iCoffee" */;
			compatibilityVersion = "Xcode 3.2";
			developmentRegion = English;
			hasScannedForEncodings = 0;
			knownRegions = (
				en,
			);
			mainGroup = E7DAB33C17AF203A00D575B7;
			productRefGroup = E7DAB34817AF203B00D575B7 /* Products */;
			projectDirPath = "";
			projectRoot = "";
			targets = (
				E7DAB34617AF203A00D575B7 /* iCoffee */,
			);
		};
/* End PBXProject section */

/* Begin PBXResourcesBuildPhase section */
		E7DAB34517AF203A00D575B7 /* Resources */ = {
			isa = PBXResourcesBuildPhase;
			buildActionMask = 2147483647;
			files = (
				E7DAB3BB17AF25FF00D575B7 /* Default-568h@2x.png in Resources */,
				E7DAB3BC17AF25FF00D575B7 /* Default.png in Resources */,
				E7DAB3BD17AF25FF00D575B7 /* Default@2x.png in Resources */,
				E7DAB3BE17AF25FF00D575B7 /* InfoPlist.strings in Resources */,
				E794F70717BFE58900F729A1 /* welcomescroll_1.png in Resources */,
				E794F70817BFE58900F729A1 /* welcomescroll_2.png in Resources */,
				E794F70917BFE58900F729A1 /* welcomescroll_3.png in Resources */,
				E76C68AA17C0282C002BBF3C /* bottom_bar_arrow_down@2x.png in Resources */,
				E76C68AB17C0282C002BBF3C /* bottom_bar_arrow_down.png in Resources */,
				E76C68B917C03711002BBF3C /* bottom_bar_arrow_up.png in Resources */,
				E76C68BA17C03711002BBF3C /* bottom_bar_arrow_up@2x.png in Resources */,
				E76C68C717C04D3C002BBF3C /* menu_favorite.png in Resources */,
				E76C68C817C04D3C002BBF3C /* menu_setting.png in Resources */,
				E76C68C917C04D3C002BBF3C /* menu_bean.png in Resources */,
				E76C68CA17C04D3C002BBF3C /* menu_find.png in Resources */,
				E76C68CB17C04D3C002BBF3C /* menu_culture.png in Resources */,
				E76C68CC17C04D3C002BBF3C /* menu_brew.png in Resources */,
				E7A2613417C1AAA800983DC4 /* icon_home.png in Resources */,
				E7A2613517C1AAA800983DC4 /* icon_home@2x.png in Resources */,
				E772C78F17C3E962004F5EA1 /* GoogleMaps.bundle in Resources */,
				07BEC1C417C7C1740076E03C /* bg-addbutton-highlighted.png in Resources */,
				07BEC1C517C7C1740076E03C /* bg-addbutton-highlighted@2x.png in Resources */,
				07BEC1C617C7C1740076E03C /* bg-addbutton.png in Resources */,
				07BEC1C717C7C1740076E03C /* bg-addbutton@2x.png in Resources */,
				07BEC1C817C7C1740076E03C /* bg-menuitem-highlighted.png in Resources */,
				07BEC1C917C7C1740076E03C /* bg-menuitem-highlighted@2x.png in Resources */,
				07BEC1CA17C7C1740076E03C /* bg-menuitem.png in Resources */,
				07BEC1CB17C7C1740076E03C /* bg-menuitem@2x.png in Resources */,
				07BEC1CC17C7C1740076E03C /* icon-plus-highlighted.png in Resources */,
				07BEC1CD17C7C1740076E03C /* icon-plus-highlighted@2x.png in Resources */,
				E7E6135717C88DE2009B0462 /* button_my_location@2x.png in Resources */,
				E7E6135817C88DE2009B0462 /* button_my_location.png in Resources */,
				E7E6135B17C88DE8009B0462 /* button_my_location_pressed@2x.png in Resources */,
				E7E6135C17C88DE8009B0462 /* button_my_location_pressed.png in Resources */,
				E7E6135F17C8931F009B0462 /* button_menu_setting@2x.png in Resources */,
				E7E6136017C8931F009B0462 /* button_menu_setting.png in Resources */,
				E7E6136217C964C0009B0462 /* coffee_category.json in Resources */,
				E7E6136D17C98CE2009B0462 /* findback.json in Resources */,
				E7E6137C17C9A7CD009B0462 /* find_background.png in Resources */,
				E7E6138617C9D51A009B0462 /* find_icon_restaurant@2x.png in Resources */,
				E7E6138717C9D51A009B0462 /* find_icon_miss.png in Resources */,
				E7E6138817C9D51A009B0462 /* find_icon_miss@2x.png in Resources */,
				E7E6138917C9D51A009B0462 /* find_icon_cafe.png in Resources */,
				E7E6138A17C9D51A009B0462 /* find_icon_cafe@2x.png in Resources */,
				E7E6138B17C9D51A009B0462 /* find_icon_restaurant.png in Resources */,
				E7E6139717CA5D80009B0462 /* find_direction_active.png in Resources */,
				E7E6139817CA5D80009B0462 /* find_direction_inactive.png in Resources */,
				E7E6139917CA5D80009B0462 /* find_direction_active@2x.png in Resources */,
				E7E6139A17CA5D80009B0462 /* find_direction_inactive@2x.png in Resources */,
				074366AF17CAA2A7006225B1 /* bean_fake.png in Resources */,
				E7BF70E217CC749B00D3D5C5 /* Roboto-Bold.ttf in Resources */,
				E7BF70E317CC749B00D3D5C5 /* Roboto-Light.ttf in Resources */,
				E7BF70E417CC749B00D3D5C5 /* Roboto-Medium.ttf in Resources */,
				E7BF70E517CC749B00D3D5C5 /* Roboto-Regular.ttf in Resources */,
				E7BF70E617CC749B00D3D5C5 /* Roboto-Thin.ttf in Resources */,
				E7BF70E917CC74A900D3D5C5 /* personalize_bar.png in Resources */,
				E7BF70EA17CC74A900D3D5C5 /* personalize_bar@2x.png in Resources */,
				E7BF70F017CC86FC00D3D5C5 /* nav_back.png in Resources */,
				E7BF70F117CC86FC00D3D5C5 /* nav_back@2x.png in Resources */,
			);
			runOnlyForDeploymentPostprocessing = 0;
		};
/* End PBXResourcesBuildPhase section */

/* Begin PBXSourcesBuildPhase section */
		E7DAB34317AF203A00D575B7 /* Sources */ = {
			isa = PBXSourcesBuildPhase;
			buildActionMask = 2147483647;
			files = (
				E7DAB3A617AF248400D575B7 /* ICAppDelegate.m in Sources */,
				E7DAB3C017AF25FF00D575B7 /* main.m in Sources */,
				E76C68F017C0A8BF002BBF3C /* ICMenuButton.m in Sources */,
				E76C68F117C0A8BF002BBF3C /* ICScrollImageView.m in Sources */,
				E76C68F217C0A8BF002BBF3C /* ICScrollPageView.m in Sources */,
				E76C68F417C0A8BF002BBF3C /* ICBottomBarView.m in Sources */,
				E76C68F517C0A8BF002BBF3C /* ICMenuPanel.m in Sources */,
				E76C68F617C0A8BF002BBF3C /* ICWelcomeView.m in Sources */,
				E76C690217C0A8DF002BBF3C /* ICMainMediator.m in Sources */,
				E76C690317C0A8DF002BBF3C /* ICWelcomeViewController.m in Sources */,
				E76C690617C0A916002BBF3C /* ICBeanView.m in Sources */,
				E76C690917C0A94F002BBF3C /* ICBrewView.m in Sources */,
				E76C690C17C0A959002BBF3C /* ICCultureView.m in Sources */,
				E76C690F17C0A964002BBF3C /* ICFavoriteView.m in Sources */,
				E76C691217C0A970002BBF3C /* ICFindView.m in Sources */,
				E76C691517C0A980002BBF3C /* ICSettingView.m in Sources */,
				E76C691817C0AB18002BBF3C /* ICBeanViewController.m in Sources */,
				E76C691B17C0AB57002BBF3C /* ICBrewViewController.m in Sources */,
				E76C691E17C0AB6C002BBF3C /* ICCultureViewController.m in Sources */,
				E76C692117C0AB7B002BBF3C /* ICFavoriteViewController.m in Sources */,
				E76C692417C0AB89002BBF3C /* ICFindViewController.m in Sources */,
				E76C692717C0AB97002BBF3C /* ICSettingViewController.m in Sources */,
				E7A2612D17C1A26300983DC4 /* ICHeaderBarView.m in Sources */,
				07E855EC17C2B347000CD833 /* ICBeanDetailView.m in Sources */,
				07E855EF17C2B365000CD833 /* ICBeanDetailViewController.m in Sources */,
				07ADBECB17C315A30083B3AF /* ICBeanCell.m in Sources */,
				E7C268DC17C72468001347C1 /* ICMapPlaceEntity.m in Sources */,
				E7C268DF17C724FC001347C1 /* ICMapPlaceEntityMapper.m in Sources */,
				07BEC1B517C7BDDF0076E03C /* ICPopButtonViewController.m in Sources */,
				07BEC1D017C7C80B0076E03C /* ICPopButtonItem.m in Sources */,
				E7E6136517C964D8009B0462 /* ICBeanEntity.m in Sources */,
				E7E6136817C964E8009B0462 /* ICBeanEntityMapper.m in Sources */,
				E7E6136B17C98C03009B0462 /* ICFindBackView.m in Sources */,
				E7E6137517C996D9009B0462 /* ICCellFactory.m in Sources */,
				E7E6137F17C9B7C9009B0462 /* ICSwitchBarView.m in Sources */,
				E7BF70D517CA6AA900D3D5C5 /* ICDataButton.m in Sources */,
			);
			runOnlyForDeploymentPostprocessing = 0;
		};
/* End PBXSourcesBuildPhase section */

/* Begin PBXVariantGroup section */
		E7DAB3B617AF25FF00D575B7 /* InfoPlist.strings */ = {
			isa = PBXVariantGroup;
			children = (
				E7DAB3B717AF25FF00D575B7 /* en */,
			);
			name = InfoPlist.strings;
			sourceTree = "<group>";
		};
/* End PBXVariantGroup section */

/* Begin XCBuildConfiguration section */
		E7DAB36317AF203B00D575B7 /* Debug */ = {
			isa = XCBuildConfiguration;
			buildSettings = {
				ALWAYS_SEARCH_USER_PATHS = NO;
				CLANG_CXX_LANGUAGE_STANDARD = "gnu++0x";
				CLANG_CXX_LIBRARY = "libc++";
				CLANG_ENABLE_OBJC_ARC = YES;
				CLANG_WARN_EMPTY_BODY = YES;
				CLANG_WARN__DUPLICATE_METHOD_MATCH = YES;
				"CODE_SIGN_IDENTITY[sdk=iphoneos*]" = "iPhone Developer";
				COPY_PHASE_STRIP = NO;
				GCC_C_LANGUAGE_STANDARD = gnu99;
				GCC_DYNAMIC_NO_PIC = NO;
				GCC_OPTIMIZATION_LEVEL = 0;
				GCC_PREPROCESSOR_DEFINITIONS = (
					"DEBUG=1",
					"$(inherited)",
				);
				GCC_SYMBOLS_PRIVATE_EXTERN = NO;
				GCC_WARN_ABOUT_RETURN_TYPE = YES;
				GCC_WARN_UNINITIALIZED_AUTOS = YES;
				GCC_WARN_UNUSED_VARIABLE = YES;
				IPHONEOS_DEPLOYMENT_TARGET = 6.0;
				OTHER_LDFLAGS = "-all_load";
				SDKROOT = iphoneos;
				TARGETED_DEVICE_FAMILY = "1,2";
			};
			name = Debug;
		};
		E7DAB36417AF203B00D575B7 /* Release */ = {
			isa = XCBuildConfiguration;
			buildSettings = {
				ALWAYS_SEARCH_USER_PATHS = NO;
				CLANG_CXX_LANGUAGE_STANDARD = "gnu++0x";
				CLANG_CXX_LIBRARY = "libc++";
				CLANG_ENABLE_OBJC_ARC = YES;
				CLANG_WARN_EMPTY_BODY = YES;
				CLANG_WARN__DUPLICATE_METHOD_MATCH = YES;
				"CODE_SIGN_IDENTITY[sdk=iphoneos*]" = "iPhone Developer";
				COPY_PHASE_STRIP = YES;
				GCC_C_LANGUAGE_STANDARD = gnu99;
				GCC_WARN_ABOUT_RETURN_TYPE = YES;
				GCC_WARN_UNINITIALIZED_AUTOS = YES;
				GCC_WARN_UNUSED_VARIABLE = YES;
				IPHONEOS_DEPLOYMENT_TARGET = 6.0;
				OTHER_CFLAGS = "-DNS_BLOCK_ASSERTIONS=1";
				OTHER_LDFLAGS = "-all_load";
				SDKROOT = iphoneos;
				TARGETED_DEVICE_FAMILY = "1,2";
				VALIDATE_PRODUCT = YES;
			};
			name = Release;
		};
		E7DAB36617AF203B00D575B7 /* Debug */ = {
			isa = XCBuildConfiguration;
			buildSettings = {
				ARCHS = armv7;
				FRAMEWORK_SEARCH_PATHS = (
					"$(inherited)",
					"\"$(SRCROOT)\"",
					"\"$(SRCROOT)/../../../Downloads\"",
				);
				GCC_PRECOMPILE_PREFIX_HEADER = YES;
				GCC_PREFIX_HEADER = "Supporting Files/iCoffee-Prefix.pch";
				HEADER_SEARCH_PATHS = "$(SRCROOT)/../iCoffeeLibrary/iCoffeeLibrary/**";
				INFOPLIST_FILE = "Supporting Files/iCoffee-Info.plist";
				IPHONEOS_DEPLOYMENT_TARGET = 6.1;
				LIBRARY_SEARCH_PATHS = "$(TARGET_BUILD_DIR)/**";
				PRODUCT_NAME = "$(TARGET_NAME)";
				TARGETED_DEVICE_FAMILY = 1;
				VALID_ARCHS = armv7;
				WRAPPER_EXTENSION = app;
			};
			name = Debug;
		};
		E7DAB36717AF203B00D575B7 /* Release */ = {
			isa = XCBuildConfiguration;
			buildSettings = {
				ARCHS = armv7;
				FRAMEWORK_SEARCH_PATHS = (
					"$(inherited)",
					"\"$(SRCROOT)\"",
					"\"$(SRCROOT)/../../../Downloads\"",
				);
				GCC_PRECOMPILE_PREFIX_HEADER = YES;
				GCC_PREFIX_HEADER = "Supporting Files/iCoffee-Prefix.pch";
				HEADER_SEARCH_PATHS = "$(SRCROOT)/../iCoffeeLibrary/iCoffeeLibrary/**";
				INFOPLIST_FILE = "Supporting Files/iCoffee-Info.plist";
				IPHONEOS_DEPLOYMENT_TARGET = 6.1;
				LIBRARY_SEARCH_PATHS = "$(TARGET_BUILD_DIR)/**";
				PRODUCT_NAME = "$(TARGET_NAME)";
				TARGETED_DEVICE_FAMILY = 1;
				VALID_ARCHS = armv7;
				WRAPPER_EXTENSION = app;
			};
			name = Release;
		};
/* End XCBuildConfiguration section */

/* Begin XCConfigurationList section */
		E7DAB34117AF203A00D575B7 /* Build configuration list for PBXProject "iCoffee" */ = {
			isa = XCConfigurationList;
			buildConfigurations = (
				E7DAB36317AF203B00D575B7 /* Debug */,
				E7DAB36417AF203B00D575B7 /* Release */,
			);
			defaultConfigurationIsVisible = 0;
			defaultConfigurationName = Release;
		};
		E7DAB36517AF203B00D575B7 /* Build configuration list for PBXNativeTarget "iCoffee" */ = {
			isa = XCConfigurationList;
			buildConfigurations = (
				E7DAB36617AF203B00D575B7 /* Debug */,
				E7DAB36717AF203B00D575B7 /* Release */,
			);
			defaultConfigurationIsVisible = 0;
			defaultConfigurationName = Release;
		};
/* End XCConfigurationList section */
	};
	rootObject = E7DAB33E17AF203A00D575B7 /* Project object */;
}
