// !$*UTF8*$!
{
	archiveVersion = 1;
	classes = {
	};
	objectVersion = 46;
	objects = {

/* Begin PBXBuildFile section */
		E76C68AA17C0282C002BBF3C /* bottom_bar_arrow_down@2x.png in Resources */ = {isa = PBXBuildFile; fileRef = E76C68A617C0282C002BBF3C /* bottom_bar_arrow_down@2x.png */; };
		E76C68AB17C0282C002BBF3C /* bottom_bar_arrow_down.png in Resources */ = {isa = PBXBuildFile; fileRef = E76C68A717C0282C002BBF3C /* bottom_bar_arrow_down.png */; };
		E76C68B317C02CBF002BBF3C /* ICMainMediator.m in Sources */ = {isa = PBXBuildFile; fileRef = E76C68B217C02CBF002BBF3C /* ICMainMediator.m */; };
		E76C68B617C02CD5002BBF3C /* ICMainMediatorView.m in Sources */ = {isa = PBXBuildFile; fileRef = E76C68B517C02CD5002BBF3C /* ICMainMediatorView.m */; };
		E76C68B917C03711002BBF3C /* bottom_bar_arrow_up.png in Resources */ = {isa = PBXBuildFile; fileRef = E76C68B717C03711002BBF3C /* bottom_bar_arrow_up.png */; };
		E76C68BA17C03711002BBF3C /* bottom_bar_arrow_up@2x.png in Resources */ = {isa = PBXBuildFile; fileRef = E76C68B817C03711002BBF3C /* bottom_bar_arrow_up@2x.png */; };
		E76C68BD17C04802002BBF3C /* ICBottomBarView.m in Sources */ = {isa = PBXBuildFile; fileRef = E76C68BC17C04802002BBF3C /* ICBottomBarView.m */; };
		E76C68C017C04817002BBF3C /* ICMenuPanel.m in Sources */ = {isa = PBXBuildFile; fileRef = E76C68BF17C04817002BBF3C /* ICMenuPanel.m */; };
		E76C68C717C04D3C002BBF3C /* menu_favorite.png in Resources */ = {isa = PBXBuildFile; fileRef = E76C68C117C04D3B002BBF3C /* menu_favorite.png */; };
		E76C68C817C04D3C002BBF3C /* menu_setting.png in Resources */ = {isa = PBXBuildFile; fileRef = E76C68C217C04D3B002BBF3C /* menu_setting.png */; };
		E76C68C917C04D3C002BBF3C /* menu_bean.png in Resources */ = {isa = PBXBuildFile; fileRef = E76C68C317C04D3B002BBF3C /* menu_bean.png */; };
		E76C68CA17C04D3C002BBF3C /* menu_find.png in Resources */ = {isa = PBXBuildFile; fileRef = E76C68C417C04D3C002BBF3C /* menu_find.png */; };
		E76C68CB17C04D3C002BBF3C /* menu_culture.png in Resources */ = {isa = PBXBuildFile; fileRef = E76C68C517C04D3C002BBF3C /* menu_culture.png */; };
		E76C68CC17C04D3C002BBF3C /* menu_brew.png in Resources */ = {isa = PBXBuildFile; fileRef = E76C68C617C04D3C002BBF3C /* menu_brew.png */; };
		E76C68D017C08314002BBF3C /* ICMenuButton.m in Sources */ = {isa = PBXBuildFile; fileRef = E76C68CF17C08314002BBF3C /* ICMenuButton.m */; };
		E794F6EF17BFD3AC00F729A1 /* ICWelcomeViewController.m in Sources */ = {isa = PBXBuildFile; fileRef = E794F6EE17BFD3AC00F729A1 /* ICWelcomeViewController.m */; };
		E794F6F217BFD3BA00F729A1 /* ICWelcomeView.m in Sources */ = {isa = PBXBuildFile; fileRef = E794F6F117BFD3BA00F729A1 /* ICWelcomeView.m */; };
		E794F6FC17BFDB6400F729A1 /* ICScrollPageView.m in Sources */ = {isa = PBXBuildFile; fileRef = E794F6FB17BFDB6400F729A1 /* ICScrollPageView.m */; };
		E794F70317BFE03F00F729A1 /* ICScrollImageView.m in Sources */ = {isa = PBXBuildFile; fileRef = E794F70217BFE03F00F729A1 /* ICScrollImageView.m */; };
		E794F70717BFE58900F729A1 /* welcomescroll_1.png in Resources */ = {isa = PBXBuildFile; fileRef = E794F70417BFE58900F729A1 /* welcomescroll_1.png */; };
		E794F70817BFE58900F729A1 /* welcomescroll_2.png in Resources */ = {isa = PBXBuildFile; fileRef = E794F70517BFE58900F729A1 /* welcomescroll_2.png */; };
		E794F70917BFE58900F729A1 /* welcomescroll_3.png in Resources */ = {isa = PBXBuildFile; fileRef = E794F70617BFE58900F729A1 /* welcomescroll_3.png */; };
		E7DAB34C17AF203B00D575B7 /* UIKit.framework in Frameworks */ = {isa = PBXBuildFile; fileRef = E7DAB34B17AF203B00D575B7 /* UIKit.framework */; };
		E7DAB34E17AF203B00D575B7 /* Foundation.framework in Frameworks */ = {isa = PBXBuildFile; fileRef = E7DAB34D17AF203B00D575B7 /* Foundation.framework */; };
		E7DAB35017AF203B00D575B7 /* CoreGraphics.framework in Frameworks */ = {isa = PBXBuildFile; fileRef = E7DAB34F17AF203B00D575B7 /* CoreGraphics.framework */; };
		E7DAB3A617AF248400D575B7 /* ICAppDelegate.m in Sources */ = {isa = PBXBuildFile; fileRef = E7DAB39A17AF248400D575B7 /* ICAppDelegate.m */; };
		E7DAB3BB17AF25FF00D575B7 /* Default-568h@2x.png in Resources */ = {isa = PBXBuildFile; fileRef = E7DAB3B317AF25FF00D575B7 /* Default-568h@2x.png */; };
		E7DAB3BC17AF25FF00D575B7 /* Default.png in Resources */ = {isa = PBXBuildFile; fileRef = E7DAB3B417AF25FF00D575B7 /* Default.png */; };
		E7DAB3BD17AF25FF00D575B7 /* Default@2x.png in Resources */ = {isa = PBXBuildFile; fileRef = E7DAB3B517AF25FF00D575B7 /* Default@2x.png */; };
		E7DAB3BE17AF25FF00D575B7 /* InfoPlist.strings in Resources */ = {isa = PBXBuildFile; fileRef = E7DAB3B617AF25FF00D575B7 /* InfoPlist.strings */; };
		E7DAB3BF17AF25FF00D575B7 /* iCoffee-Info.plist in Resources */ = {isa = PBXBuildFile; fileRef = E7DAB3B817AF25FF00D575B7 /* iCoffee-Info.plist */; };
		E7DAB3C017AF25FF00D575B7 /* main.m in Sources */ = {isa = PBXBuildFile; fileRef = E7DAB3BA17AF25FF00D575B7 /* main.m */; };
		E7DAB3C917AF28AA00D575B7 /* libiCoffeeLibrary.a in Frameworks */ = {isa = PBXBuildFile; fileRef = E7DAB3C817AF28AA00D575B7 /* libiCoffeeLibrary.a */; };
/* End PBXBuildFile section */

/* Begin PBXFileReference section */
		E76C68A617C0282C002BBF3C /* bottom_bar_arrow_down@2x.png */ = {isa = PBXFileReference; lastKnownFileType = image.png; path = "bottom_bar_arrow_down@2x.png"; sourceTree = "<group>"; };
		E76C68A717C0282C002BBF3C /* bottom_bar_arrow_down.png */ = {isa = PBXFileReference; lastKnownFileType = image.png; path = bottom_bar_arrow_down.png; sourceTree = "<group>"; };
		E76C68B117C02CBF002BBF3C /* ICMainMediator.h */ = {isa = PBXFileReference; fileEncoding = 4; lastKnownFileType = sourcecode.c.h; path = ICMainMediator.h; sourceTree = "<group>"; };
		E76C68B217C02CBF002BBF3C /* ICMainMediator.m */ = {isa = PBXFileReference; fileEncoding = 4; lastKnownFileType = sourcecode.c.objc; path = ICMainMediator.m; sourceTree = "<group>"; };
		E76C68B417C02CD5002BBF3C /* ICMainMediatorView.h */ = {isa = PBXFileReference; fileEncoding = 4; lastKnownFileType = sourcecode.c.h; path = ICMainMediatorView.h; sourceTree = "<group>"; };
		E76C68B517C02CD5002BBF3C /* ICMainMediatorView.m */ = {isa = PBXFileReference; fileEncoding = 4; lastKnownFileType = sourcecode.c.objc; path = ICMainMediatorView.m; sourceTree = "<group>"; };
		E76C68B717C03711002BBF3C /* bottom_bar_arrow_up.png */ = {isa = PBXFileReference; lastKnownFileType = image.png; path = bottom_bar_arrow_up.png; sourceTree = "<group>"; };
		E76C68B817C03711002BBF3C /* bottom_bar_arrow_up@2x.png */ = {isa = PBXFileReference; lastKnownFileType = image.png; path = "bottom_bar_arrow_up@2x.png"; sourceTree = "<group>"; };
		E76C68BB17C04802002BBF3C /* ICBottomBarView.h */ = {isa = PBXFileReference; fileEncoding = 4; lastKnownFileType = sourcecode.c.h; path = ICBottomBarView.h; sourceTree = "<group>"; };
		E76C68BC17C04802002BBF3C /* ICBottomBarView.m */ = {isa = PBXFileReference; fileEncoding = 4; lastKnownFileType = sourcecode.c.objc; path = ICBottomBarView.m; sourceTree = "<group>"; };
		E76C68BE17C04817002BBF3C /* ICMenuPanel.h */ = {isa = PBXFileReference; fileEncoding = 4; lastKnownFileType = sourcecode.c.h; path = ICMenuPanel.h; sourceTree = "<group>"; };
		E76C68BF17C04817002BBF3C /* ICMenuPanel.m */ = {isa = PBXFileReference; fileEncoding = 4; lastKnownFileType = sourcecode.c.objc; path = ICMenuPanel.m; sourceTree = "<group>"; };
		E76C68C117C04D3B002BBF3C /* menu_favorite.png */ = {isa = PBXFileReference; lastKnownFileType = image.png; path = menu_favorite.png; sourceTree = "<group>"; };
		E76C68C217C04D3B002BBF3C /* menu_setting.png */ = {isa = PBXFileReference; lastKnownFileType = image.png; path = menu_setting.png; sourceTree = "<group>"; };
		E76C68C317C04D3B002BBF3C /* menu_bean.png */ = {isa = PBXFileReference; lastKnownFileType = image.png; path = menu_bean.png; sourceTree = "<group>"; };
		E76C68C417C04D3C002BBF3C /* menu_find.png */ = {isa = PBXFileReference; lastKnownFileType = image.png; path = menu_find.png; sourceTree = "<group>"; };
		E76C68C517C04D3C002BBF3C /* menu_culture.png */ = {isa = PBXFileReference; lastKnownFileType = image.png; path = menu_culture.png; sourceTree = "<group>"; };
		E76C68C617C04D3C002BBF3C /* menu_brew.png */ = {isa = PBXFileReference; lastKnownFileType = image.png; path = menu_brew.png; sourceTree = "<group>"; };
		E76C68CD17C04F5F002BBF3C /* BalloonOpen.ttf */ = {isa = PBXFileReference; lastKnownFileType = file; path = BalloonOpen.ttf; sourceTree = "<group>"; };
		E76C68CE17C08314002BBF3C /* ICMenuButton.h */ = {isa = PBXFileReference; fileEncoding = 4; lastKnownFileType = sourcecode.c.h; path = ICMenuButton.h; sourceTree = "<group>"; };
		E76C68CF17C08314002BBF3C /* ICMenuButton.m */ = {isa = PBXFileReference; fileEncoding = 4; lastKnownFileType = sourcecode.c.objc; path = ICMenuButton.m; sourceTree = "<group>"; };
		E794F6ED17BFD3AC00F729A1 /* ICWelcomeViewController.h */ = {isa = PBXFileReference; fileEncoding = 4; lastKnownFileType = sourcecode.c.h; path = ICWelcomeViewController.h; sourceTree = "<group>"; };
		E794F6EE17BFD3AC00F729A1 /* ICWelcomeViewController.m */ = {isa = PBXFileReference; fileEncoding = 4; lastKnownFileType = sourcecode.c.objc; path = ICWelcomeViewController.m; sourceTree = "<group>"; };
		E794F6F017BFD3BA00F729A1 /* ICWelcomeView.h */ = {isa = PBXFileReference; fileEncoding = 4; lastKnownFileType = sourcecode.c.h; path = ICWelcomeView.h; sourceTree = "<group>"; };
		E794F6F117BFD3BA00F729A1 /* ICWelcomeView.m */ = {isa = PBXFileReference; fileEncoding = 4; lastKnownFileType = sourcecode.c.objc; path = ICWelcomeView.m; sourceTree = "<group>"; };
		E794F6FA17BFDB6400F729A1 /* ICScrollPageView.h */ = {isa = PBXFileReference; fileEncoding = 4; lastKnownFileType = sourcecode.c.h; path = ICScrollPageView.h; sourceTree = "<group>"; };
		E794F6FB17BFDB6400F729A1 /* ICScrollPageView.m */ = {isa = PBXFileReference; fileEncoding = 4; lastKnownFileType = sourcecode.c.objc; path = ICScrollPageView.m; sourceTree = "<group>"; };
		E794F70017BFDE1700F729A1 /* ICScrollViewDatasource.h */ = {isa = PBXFileReference; fileEncoding = 4; lastKnownFileType = sourcecode.c.h; path = ICScrollViewDatasource.h; sourceTree = "<group>"; };
		E794F70117BFE03F00F729A1 /* ICScrollImageView.h */ = {isa = PBXFileReference; fileEncoding = 4; lastKnownFileType = sourcecode.c.h; path = ICScrollImageView.h; sourceTree = "<group>"; };
		E794F70217BFE03F00F729A1 /* ICScrollImageView.m */ = {isa = PBXFileReference; fileEncoding = 4; lastKnownFileType = sourcecode.c.objc; path = ICScrollImageView.m; sourceTree = "<group>"; };
		E794F70417BFE58900F729A1 /* welcomescroll_1.png */ = {isa = PBXFileReference; lastKnownFileType = image.png; path = welcomescroll_1.png; sourceTree = "<group>"; };
		E794F70517BFE58900F729A1 /* welcomescroll_2.png */ = {isa = PBXFileReference; lastKnownFileType = image.png; path = welcomescroll_2.png; sourceTree = "<group>"; };
		E794F70617BFE58900F729A1 /* welcomescroll_3.png */ = {isa = PBXFileReference; lastKnownFileType = image.png; path = welcomescroll_3.png; sourceTree = "<group>"; };
		E7DAB34717AF203B00D575B7 /* iCoffee.app */ = {isa = PBXFileReference; explicitFileType = wrapper.application; includeInIndex = 0; path = iCoffee.app; sourceTree = BUILT_PRODUCTS_DIR; };
		E7DAB34B17AF203B00D575B7 /* UIKit.framework */ = {isa = PBXFileReference; lastKnownFileType = wrapper.framework; name = UIKit.framework; path = System/Library/Frameworks/UIKit.framework; sourceTree = SDKROOT; };
		E7DAB34D17AF203B00D575B7 /* Foundation.framework */ = {isa = PBXFileReference; lastKnownFileType = wrapper.framework; name = Foundation.framework; path = System/Library/Frameworks/Foundation.framework; sourceTree = SDKROOT; };
		E7DAB34F17AF203B00D575B7 /* CoreGraphics.framework */ = {isa = PBXFileReference; lastKnownFileType = wrapper.framework; name = CoreGraphics.framework; path = System/Library/Frameworks/CoreGraphics.framework; sourceTree = SDKROOT; };
		E7DAB39917AF248400D575B7 /* ICAppDelegate.h */ = {isa = PBXFileReference; fileEncoding = 4; lastKnownFileType = sourcecode.c.h; path = ICAppDelegate.h; sourceTree = "<group>"; };
		E7DAB39A17AF248400D575B7 /* ICAppDelegate.m */ = {isa = PBXFileReference; fileEncoding = 4; lastKnownFileType = sourcecode.c.objc; path = ICAppDelegate.m; sourceTree = "<group>"; };
		E7DAB3B317AF25FF00D575B7 /* Default-568h@2x.png */ = {isa = PBXFileReference; lastKnownFileType = image.png; path = "Default-568h@2x.png"; sourceTree = "<group>"; };
		E7DAB3B417AF25FF00D575B7 /* Default.png */ = {isa = PBXFileReference; lastKnownFileType = image.png; path = Default.png; sourceTree = "<group>"; };
		E7DAB3B517AF25FF00D575B7 /* Default@2x.png */ = {isa = PBXFileReference; lastKnownFileType = image.png; path = "Default@2x.png"; sourceTree = "<group>"; };
		E7DAB3B717AF25FF00D575B7 /* en */ = {isa = PBXFileReference; lastKnownFileType = text.plist.strings; name = en; path = en.lproj/InfoPlist.strings; sourceTree = "<group>"; };
		E7DAB3B817AF25FF00D575B7 /* iCoffee-Info.plist */ = {isa = PBXFileReference; fileEncoding = 4; lastKnownFileType = text.plist.xml; path = "iCoffee-Info.plist"; sourceTree = "<group>"; };
		E7DAB3B917AF25FF00D575B7 /* iCoffee-Prefix.pch */ = {isa = PBXFileReference; fileEncoding = 4; lastKnownFileType = sourcecode.c.h; path = "iCoffee-Prefix.pch"; sourceTree = "<group>"; };
		E7DAB3BA17AF25FF00D575B7 /* main.m */ = {isa = PBXFileReference; fileEncoding = 4; lastKnownFileType = sourcecode.c.objc; path = main.m; sourceTree = "<group>"; };
		E7DAB3C817AF28AA00D575B7 /* libiCoffeeLibrary.a */ = {isa = PBXFileReference; lastKnownFileType = archive.ar; name = libiCoffeeLibrary.a; path = "/Users/shengzhc/Desktop/iCoffee/iCoffeeLibrary/build/Release-iphoneos/libiCoffeeLibrary.a"; sourceTree = "<absolute>"; };
/* End PBXFileReference section */

/* Begin PBXFrameworksBuildPhase section */
		E7DAB34417AF203A00D575B7 /* Frameworks */ = {
			isa = PBXFrameworksBuildPhase;
			buildActionMask = 2147483647;
			files = (
				E7DAB3C917AF28AA00D575B7 /* libiCoffeeLibrary.a in Frameworks */,
				E7DAB34C17AF203B00D575B7 /* UIKit.framework in Frameworks */,
				E7DAB34E17AF203B00D575B7 /* Foundation.framework in Frameworks */,
				E7DAB35017AF203B00D575B7 /* CoreGraphics.framework in Frameworks */,
			);
			runOnlyForDeploymentPostprocessing = 0;
		};
/* End PBXFrameworksBuildPhase section */

/* Begin PBXGroup section */
		E794F6EB17BFD3A000F729A1 /* Controller */ = {
			isa = PBXGroup;
			children = (
				E76C68B117C02CBF002BBF3C /* ICMainMediator.h */,
				E76C68B217C02CBF002BBF3C /* ICMainMediator.m */,
				E794F6ED17BFD3AC00F729A1 /* ICWelcomeViewController.h */,
				E794F6EE17BFD3AC00F729A1 /* ICWelcomeViewController.m */,
			);
			path = Controller;
			sourceTree = "<group>";
		};
		E794F6EC17BFD3A000F729A1 /* View */ = {
			isa = PBXGroup;
			children = (
				E794F6F617BFDB1C00F729A1 /* Base */,
				E794F6F017BFD3BA00F729A1 /* ICWelcomeView.h */,
				E794F6F117BFD3BA00F729A1 /* ICWelcomeView.m */,
				E76C68B417C02CD5002BBF3C /* ICMainMediatorView.h */,
				E76C68B517C02CD5002BBF3C /* ICMainMediatorView.m */,
				E76C68BB17C04802002BBF3C /* ICBottomBarView.h */,
				E76C68BC17C04802002BBF3C /* ICBottomBarView.m */,
				E76C68BE17C04817002BBF3C /* ICMenuPanel.h */,
				E76C68BF17C04817002BBF3C /* ICMenuPanel.m */,
			);
			path = View;
			sourceTree = "<group>";
		};
		E794F6F617BFDB1C00F729A1 /* Base */ = {
			isa = PBXGroup;
			children = (
				E794F6FA17BFDB6400F729A1 /* ICScrollPageView.h */,
				E794F6FB17BFDB6400F729A1 /* ICScrollPageView.m */,
				E794F70017BFDE1700F729A1 /* ICScrollViewDatasource.h */,
				E794F70117BFE03F00F729A1 /* ICScrollImageView.h */,
				E794F70217BFE03F00F729A1 /* ICScrollImageView.m */,
				E76C68CE17C08314002BBF3C /* ICMenuButton.h */,
				E76C68CF17C08314002BBF3C /* ICMenuButton.m */,
			);
			path = Base;
			sourceTree = "<group>";
		};
		E794F6FD17BFDC3B00F729A1 /* Bundle */ = {
			isa = PBXGroup;
			children = (
				E794F6FE17BFDC3B00F729A1 /* Font */,
				E794F6FF17BFDC3B00F729A1 /* image */,
			);
			path = Bundle;
			sourceTree = "<group>";
		};
		E794F6FE17BFDC3B00F729A1 /* Font */ = {
			isa = PBXGroup;
			children = (
				E76C68CD17C04F5F002BBF3C /* BalloonOpen.ttf */,
			);
			path = Font;
			sourceTree = "<group>";
		};
		E794F6FF17BFDC3B00F729A1 /* image */ = {
			isa = PBXGroup;
			children = (
				E76C68C117C04D3B002BBF3C /* menu_favorite.png */,
				E76C68C217C04D3B002BBF3C /* menu_setting.png */,
				E76C68C317C04D3B002BBF3C /* menu_bean.png */,
				E76C68C417C04D3C002BBF3C /* menu_find.png */,
				E76C68C517C04D3C002BBF3C /* menu_culture.png */,
				E76C68C617C04D3C002BBF3C /* menu_brew.png */,
				E76C68B717C03711002BBF3C /* bottom_bar_arrow_up.png */,
				E76C68B817C03711002BBF3C /* bottom_bar_arrow_up@2x.png */,
				E76C68A617C0282C002BBF3C /* bottom_bar_arrow_down@2x.png */,
				E76C68A717C0282C002BBF3C /* bottom_bar_arrow_down.png */,
				E794F70417BFE58900F729A1 /* welcomescroll_1.png */,
				E794F70517BFE58900F729A1 /* welcomescroll_2.png */,
				E794F70617BFE58900F729A1 /* welcomescroll_3.png */,
			);
			path = image;
			sourceTree = "<group>";
		};
		E7DAB33C17AF203A00D575B7 = {
			isa = PBXGroup;
			children = (
				E794F6FD17BFDC3B00F729A1 /* Bundle */,
				E7DAB3B217AF25FF00D575B7 /* Supporting Files */,
				E7DAB35117AF203B00D575B7 /* iCoffee */,
				E7DAB34A17AF203B00D575B7 /* Frameworks */,
				E7DAB34817AF203B00D575B7 /* Products */,
			);
			sourceTree = "<group>";
		};
		E7DAB34817AF203B00D575B7 /* Products */ = {
			isa = PBXGroup;
			children = (
				E7DAB34717AF203B00D575B7 /* iCoffee.app */,
			);
			name = Products;
			sourceTree = "<group>";
		};
		E7DAB34A17AF203B00D575B7 /* Frameworks */ = {
			isa = PBXGroup;
			children = (
				E7DAB3C817AF28AA00D575B7 /* libiCoffeeLibrary.a */,
				E7DAB34B17AF203B00D575B7 /* UIKit.framework */,
				E7DAB34D17AF203B00D575B7 /* Foundation.framework */,
				E7DAB34F17AF203B00D575B7 /* CoreGraphics.framework */,
			);
			name = Frameworks;
			sourceTree = "<group>";
		};
		E7DAB35117AF203B00D575B7 /* iCoffee */ = {
			isa = PBXGroup;
			children = (
				E794F6EB17BFD3A000F729A1 /* Controller */,
				E794F6EC17BFD3A000F729A1 /* View */,
				E7DAB39817AF248400D575B7 /* Application */,
			);
			path = iCoffee;
			sourceTree = "<group>";
		};
		E7DAB39817AF248400D575B7 /* Application */ = {
			isa = PBXGroup;
			children = (
				E7DAB39917AF248400D575B7 /* ICAppDelegate.h */,
				E7DAB39A17AF248400D575B7 /* ICAppDelegate.m */,
			);
			path = Application;
			sourceTree = "<group>";
		};
		E7DAB3B217AF25FF00D575B7 /* Supporting Files */ = {
			isa = PBXGroup;
			children = (
				E7DAB3B317AF25FF00D575B7 /* Default-568h@2x.png */,
				E7DAB3B417AF25FF00D575B7 /* Default.png */,
				E7DAB3B517AF25FF00D575B7 /* Default@2x.png */,
				E7DAB3B617AF25FF00D575B7 /* InfoPlist.strings */,
				E7DAB3B817AF25FF00D575B7 /* iCoffee-Info.plist */,
				E7DAB3B917AF25FF00D575B7 /* iCoffee-Prefix.pch */,
				E7DAB3BA17AF25FF00D575B7 /* main.m */,
			);
			path = "Supporting Files";
			sourceTree = "<group>";
		};
/* End PBXGroup section */

/* Begin PBXNativeTarget section */
		E7DAB34617AF203A00D575B7 /* iCoffee */ = {
			isa = PBXNativeTarget;
			buildConfigurationList = E7DAB36517AF203B00D575B7 /* Build configuration list for PBXNativeTarget "iCoffee" */;
			buildPhases = (
				E7DAB34317AF203A00D575B7 /* Sources */,
				E7DAB34417AF203A00D575B7 /* Frameworks */,
				E7DAB34517AF203A00D575B7 /* Resources */,
			);
			buildRules = (
			);
			dependencies = (
			);
			name = iCoffee;
			productName = iCoffee;
			productReference = E7DAB34717AF203B00D575B7 /* iCoffee.app */;
			productType = "com.apple.product-type.application";
		};
/* End PBXNativeTarget section */

/* Begin PBXProject section */
		E7DAB33E17AF203A00D575B7 /* Project object */ = {
			isa = PBXProject;
			attributes = {
				CLASSPREFIX = IC;
				LastUpgradeCheck = 0450;
				ORGANIZATIONNAME = iCoffee;
			};
			buildConfigurationList = E7DAB34117AF203A00D575B7 /* Build configuration list for PBXProject "iCoffee" */;
			compatibilityVersion = "Xcode 3.2";
			developmentRegion = English;
			hasScannedForEncodings = 0;
			knownRegions = (
				en,
			);
			mainGroup = E7DAB33C17AF203A00D575B7;
			productRefGroup = E7DAB34817AF203B00D575B7 /* Products */;
			projectDirPath = "";
			projectRoot = "";
			targets = (
				E7DAB34617AF203A00D575B7 /* iCoffee */,
			);
		};
/* End PBXProject section */

/* Begin PBXResourcesBuildPhase section */
		E7DAB34517AF203A00D575B7 /* Resources */ = {
			isa = PBXResourcesBuildPhase;
			buildActionMask = 2147483647;
			files = (
				E7DAB3BB17AF25FF00D575B7 /* Default-568h@2x.png in Resources */,
				E7DAB3BC17AF25FF00D575B7 /* Default.png in Resources */,
				E7DAB3BD17AF25FF00D575B7 /* Default@2x.png in Resources */,
				E7DAB3BE17AF25FF00D575B7 /* InfoPlist.strings in Resources */,
				E7DAB3BF17AF25FF00D575B7 /* iCoffee-Info.plist in Resources */,
				E794F70717BFE58900F729A1 /* welcomescroll_1.png in Resources */,
				E794F70817BFE58900F729A1 /* welcomescroll_2.png in Resources */,
				E794F70917BFE58900F729A1 /* welcomescroll_3.png in Resources */,
				E76C68AA17C0282C002BBF3C /* bottom_bar_arrow_down@2x.png in Resources */,
				E76C68AB17C0282C002BBF3C /* bottom_bar_arrow_down.png in Resources */,
				E76C68B917C03711002BBF3C /* bottom_bar_arrow_up.png in Resources */,
				E76C68BA17C03711002BBF3C /* bottom_bar_arrow_up@2x.png in Resources */,
				E76C68C717C04D3C002BBF3C /* menu_favorite.png in Resources */,
				E76C68C817C04D3C002BBF3C /* menu_setting.png in Resources */,
				E76C68C917C04D3C002BBF3C /* menu_bean.png in Resources */,
				E76C68CA17C04D3C002BBF3C /* menu_find.png in Resources */,
				E76C68CB17C04D3C002BBF3C /* menu_culture.png in Resources */,
				E76C68CC17C04D3C002BBF3C /* menu_brew.png in Resources */,
			);
			runOnlyForDeploymentPostprocessing = 0;
		};
/* End PBXResourcesBuildPhase section */

/* Begin PBXSourcesBuildPhase section */
		E7DAB34317AF203A00D575B7 /* Sources */ = {
			isa = PBXSourcesBuildPhase;
			buildActionMask = 2147483647;
			files = (
				E7DAB3A617AF248400D575B7 /* ICAppDelegate.m in Sources */,
				E7DAB3C017AF25FF00D575B7 /* main.m in Sources */,
				E794F6EF17BFD3AC00F729A1 /* ICWelcomeViewController.m in Sources */,
				E794F6F217BFD3BA00F729A1 /* ICWelcomeView.m in Sources */,
				E794F6FC17BFDB6400F729A1 /* ICScrollPageView.m in Sources */,
				E794F70317BFE03F00F729A1 /* ICScrollImageView.m in Sources */,
				E76C68B317C02CBF002BBF3C /* ICMainMediator.m in Sources */,
				E76C68B617C02CD5002BBF3C /* ICMainMediatorView.m in Sources */,
				E76C68BD17C04802002BBF3C /* ICBottomBarView.m in Sources */,
				E76C68C017C04817002BBF3C /* ICMenuPanel.m in Sources */,
				E76C68D017C08314002BBF3C /* ICMenuButton.m in Sources */,
			);
			runOnlyForDeploymentPostprocessing = 0;
		};
/* End PBXSourcesBuildPhase section */

/* Begin PBXVariantGroup section */
		E7DAB3B617AF25FF00D575B7 /* InfoPlist.strings */ = {
			isa = PBXVariantGroup;
			children = (
				E7DAB3B717AF25FF00D575B7 /* en */,
			);
			name = InfoPlist.strings;
			sourceTree = "<group>";
		};
/* End PBXVariantGroup section */

/* Begin XCBuildConfiguration section */
		E7DAB36317AF203B00D575B7 /* Debug */ = {
			isa = XCBuildConfiguration;
			buildSettings = {
				ALWAYS_SEARCH_USER_PATHS = NO;
				CLANG_CXX_LANGUAGE_STANDARD = "gnu++0x";
				CLANG_CXX_LIBRARY = "libc++";
				CLANG_ENABLE_OBJC_ARC = YES;
				CLANG_WARN_EMPTY_BODY = YES;
				CLANG_WARN__DUPLICATE_METHOD_MATCH = YES;
				"CODE_SIGN_IDENTITY[sdk=iphoneos*]" = "iPhone Developer";
				COPY_PHASE_STRIP = NO;
				GCC_C_LANGUAGE_STANDARD = gnu99;
				GCC_DYNAMIC_NO_PIC = NO;
				GCC_OPTIMIZATION_LEVEL = 0;
				GCC_PREPROCESSOR_DEFINITIONS = (
					"DEBUG=1",
					"$(inherited)",
				);
				GCC_SYMBOLS_PRIVATE_EXTERN = NO;
				GCC_WARN_ABOUT_RETURN_TYPE = YES;
				GCC_WARN_UNINITIALIZED_AUTOS = YES;
				GCC_WARN_UNUSED_VARIABLE = YES;
				IPHONEOS_DEPLOYMENT_TARGET = 6.0;
				OTHER_LDFLAGS = "-all_load";
				SDKROOT = iphoneos;
				TARGETED_DEVICE_FAMILY = "1,2";
			};
			name = Debug;
		};
		E7DAB36417AF203B00D575B7 /* Release */ = {
			isa = XCBuildConfiguration;
			buildSettings = {
				ALWAYS_SEARCH_USER_PATHS = NO;
				CLANG_CXX_LANGUAGE_STANDARD = "gnu++0x";
				CLANG_CXX_LIBRARY = "libc++";
				CLANG_ENABLE_OBJC_ARC = YES;
				CLANG_WARN_EMPTY_BODY = YES;
				CLANG_WARN__DUPLICATE_METHOD_MATCH = YES;
				"CODE_SIGN_IDENTITY[sdk=iphoneos*]" = "iPhone Developer";
				COPY_PHASE_STRIP = YES;
				GCC_C_LANGUAGE_STANDARD = gnu99;
				GCC_WARN_ABOUT_RETURN_TYPE = YES;
				GCC_WARN_UNINITIALIZED_AUTOS = YES;
				GCC_WARN_UNUSED_VARIABLE = YES;
				IPHONEOS_DEPLOYMENT_TARGET = 6.0;
				OTHER_CFLAGS = "-DNS_BLOCK_ASSERTIONS=1";
				OTHER_LDFLAGS = "-all_load";
				SDKROOT = iphoneos;
				TARGETED_DEVICE_FAMILY = "1,2";
				VALIDATE_PRODUCT = YES;
			};
			name = Release;
		};
		E7DAB36617AF203B00D575B7 /* Debug */ = {
			isa = XCBuildConfiguration;
			buildSettings = {
				GCC_PRECOMPILE_PREFIX_HEADER = YES;
				GCC_PREFIX_HEADER = "Supporting Files/iCoffee-Prefix.pch";
				HEADER_SEARCH_PATHS = "$(SRCROOT)/../iCoffeeLibrary/iCoffeeLibrary/**";
				INFOPLIST_FILE = "Supporting Files/iCoffee-Info.plist";
				LIBRARY_SEARCH_PATHS = "$(TARGET_BUILD_DIR)/**";
				PRODUCT_NAME = "$(TARGET_NAME)";
				WRAPPER_EXTENSION = app;
			};
			name = Debug;
		};
		E7DAB36717AF203B00D575B7 /* Release */ = {
			isa = XCBuildConfiguration;
			buildSettings = {
				GCC_PRECOMPILE_PREFIX_HEADER = YES;
				GCC_PREFIX_HEADER = "Supporting Files/iCoffee-Prefix.pch";
				HEADER_SEARCH_PATHS = "$(SRCROOT)/../iCoffeeLibrary/iCoffeeLibrary/**";
				INFOPLIST_FILE = "Supporting Files/iCoffee-Info.plist";
				LIBRARY_SEARCH_PATHS = "$(TARGET_BUILD_DIR)/**";
				PRODUCT_NAME = "$(TARGET_NAME)";
				WRAPPER_EXTENSION = app;
			};
			name = Release;
		};
/* End XCBuildConfiguration section */

/* Begin XCConfigurationList section */
		E7DAB34117AF203A00D575B7 /* Build configuration list for PBXProject "iCoffee" */ = {
			isa = XCConfigurationList;
			buildConfigurations = (
				E7DAB36317AF203B00D575B7 /* Debug */,
				E7DAB36417AF203B00D575B7 /* Release */,
			);
			defaultConfigurationIsVisible = 0;
			defaultConfigurationName = Release;
		};
		E7DAB36517AF203B00D575B7 /* Build configuration list for PBXNativeTarget "iCoffee" */ = {
			isa = XCConfigurationList;
			buildConfigurations = (
				E7DAB36617AF203B00D575B7 /* Debug */,
				E7DAB36717AF203B00D575B7 /* Release */,
			);
			defaultConfigurationIsVisible = 0;
			defaultConfigurationName = Release;
		};
/* End XCConfigurationList section */
	};
	rootObject = E7DAB33E17AF203A00D575B7 /* Project object */;
}
